// !$*UTF8*$!
{
	archiveVersion = 1;
	classes = {
	};
	objectVersion = 46;
	objects = {

/* Begin PBXBuildFile section */
		23AC667C17AF90A300ECDD79 /* AVFoundation.framework in Frameworks */ = {isa = PBXBuildFile; fileRef = 23AC667B17AF90A300ECDD79 /* AVFoundation.framework */; };
		23AC667E17AF9A1D00ECDD79 /* CoreMedia.framework in Frameworks */ = {isa = PBXBuildFile; fileRef = 23AC667D17AF9A1D00ECDD79 /* CoreMedia.framework */; };
		23C1441917B2365700AD90E2 /* APAudioPlayerViewController.m in Sources */ = {isa = PBXBuildFile; fileRef = 23C1441817B2365700AD90E2 /* APAudioPlayerViewController.m */; };
		23C1441C17B2436E00AD90E2 /* APDownloadViewController.m in Sources */ = {isa = PBXBuildFile; fileRef = 23C1441B17B2436E00AD90E2 /* APDownloadViewController.m */; };
		23E04B7E17A663EC00012192 /* UIKit.framework in Frameworks */ = {isa = PBXBuildFile; fileRef = 23E04B7D17A663EC00012192 /* UIKit.framework */; };
		23E04B8017A663EC00012192 /* Foundation.framework in Frameworks */ = {isa = PBXBuildFile; fileRef = 23E04B7F17A663EC00012192 /* Foundation.framework */; };
		23E04B8217A663EC00012192 /* CoreGraphics.framework in Frameworks */ = {isa = PBXBuildFile; fileRef = 23E04B8117A663EC00012192 /* CoreGraphics.framework */; };
		23E04B8817A663EC00012192 /* InfoPlist.strings in Resources */ = {isa = PBXBuildFile; fileRef = 23E04B8617A663EC00012192 /* InfoPlist.strings */; };
		23E04B8A17A663EC00012192 /* main.m in Sources */ = {isa = PBXBuildFile; fileRef = 23E04B8917A663EC00012192 /* main.m */; };
		23E04B8E17A663EC00012192 /* APAppDelegate.m in Sources */ = {isa = PBXBuildFile; fileRef = 23E04B8D17A663EC00012192 /* APAppDelegate.m */; };
		23E04B9017A663EC00012192 /* Default.png in Resources */ = {isa = PBXBuildFile; fileRef = 23E04B8F17A663EC00012192 /* Default.png */; };
		23E04B9217A663EC00012192 /* Default@2x.png in Resources */ = {isa = PBXBuildFile; fileRef = 23E04B9117A663EC00012192 /* Default@2x.png */; };
		23E04B9417A663EC00012192 /* Default-568h@2x.png in Resources */ = {isa = PBXBuildFile; fileRef = 23E04B9317A663EC00012192 /* Default-568h@2x.png */; };
		23E04B9717A663EC00012192 /* MainStoryboard.storyboard in Resources */ = {isa = PBXBuildFile; fileRef = 23E04B9517A663EC00012192 /* MainStoryboard.storyboard */; };
		23E04B9C17A663EC00012192 /* first.png in Resources */ = {isa = PBXBuildFile; fileRef = 23E04B9B17A663EC00012192 /* first.png */; };
		23E04B9E17A663EC00012192 /* first@2x.png in Resources */ = {isa = PBXBuildFile; fileRef = 23E04B9D17A663EC00012192 /* first@2x.png */; };
		23E04BA317A663EC00012192 /* second.png in Resources */ = {isa = PBXBuildFile; fileRef = 23E04BA217A663EC00012192 /* second.png */; };
		23E04BA517A663EC00012192 /* second@2x.png in Resources */ = {isa = PBXBuildFile; fileRef = 23E04BA417A663EC00012192 /* second@2x.png */; };
		23E04BAE17A674BC00012192 /* APSettingController.m in Sources */ = {isa = PBXBuildFile; fileRef = 23E04BAD17A674BC00012192 /* APSettingController.m */; };
		23E04BB117A6798C00012192 /* APPlaylistViewController.m in Sources */ = {isa = PBXBuildFile; fileRef = 23E04BB017A6798C00012192 /* APPlaylistViewController.m */; };
		23E04BB517A67AC000012192 /* APAudioFile.m in Sources */ = {isa = PBXBuildFile; fileRef = 23E04BB417A67AC000012192 /* APAudioFile.m */; };
		23E04BDF17A67C4300012192 /* AFHTTPClient.m in Sources */ = {isa = PBXBuildFile; fileRef = 23E04BCD17A67C4300012192 /* AFHTTPClient.m */; };
		23E04BE017A67C4300012192 /* AFHTTPRequestOperation.m in Sources */ = {isa = PBXBuildFile; fileRef = 23E04BCF17A67C4300012192 /* AFHTTPRequestOperation.m */; };
		23E04BE117A67C4300012192 /* AFImageRequestOperation.m in Sources */ = {isa = PBXBuildFile; fileRef = 23E04BD117A67C4300012192 /* AFImageRequestOperation.m */; };
		23E04BE217A67C4300012192 /* AFJSONRequestOperation.m in Sources */ = {isa = PBXBuildFile; fileRef = 23E04BD317A67C4300012192 /* AFJSONRequestOperation.m */; };
		23E04BE317A67C4300012192 /* AFNetworkActivityIndicatorManager.m in Sources */ = {isa = PBXBuildFile; fileRef = 23E04BD517A67C4300012192 /* AFNetworkActivityIndicatorManager.m */; };
		23E04BE417A67C4300012192 /* AFPropertyListRequestOperation.m in Sources */ = {isa = PBXBuildFile; fileRef = 23E04BD817A67C4300012192 /* AFPropertyListRequestOperation.m */; };
		23E04BE517A67C4300012192 /* AFURLConnectionOperation.m in Sources */ = {isa = PBXBuildFile; fileRef = 23E04BDA17A67C4300012192 /* AFURLConnectionOperation.m */; };
		23E04BE617A67C4300012192 /* AFXMLRequestOperation.m in Sources */ = {isa = PBXBuildFile; fileRef = 23E04BDC17A67C4300012192 /* AFXMLRequestOperation.m */; };
		23E04BE717A67C4300012192 /* UIImageView+AFNetworking.m in Sources */ = {isa = PBXBuildFile; fileRef = 23E04BDE17A67C4300012192 /* UIImageView+AFNetworking.m */; };
		23E04BEB17A681A200012192 /* APAudioTableCell.m in Sources */ = {isa = PBXBuildFile; fileRef = 23E04BEA17A681A200012192 /* APAudioTableCell.m */; };
		23E04BF517A794F900012192 /* APDownloadManager.m in Sources */ = {isa = PBXBuildFile; fileRef = 23E04BF417A794F900012192 /* APDownloadManager.m */; };
		23F0632717B9085F00231675 /* icon_download.png in Resources */ = {isa = PBXBuildFile; fileRef = 23F0631417B9085F00231675 /* icon_download.png */; };
		23F0632817B9085F00231675 /* icon_download.psd in Resources */ = {isa = PBXBuildFile; fileRef = 23F0631517B9085F00231675 /* icon_download.psd */; };
		23F0632917B9085F00231675 /* icon_drawback.png in Resources */ = {isa = PBXBuildFile; fileRef = 23F0631617B9085F00231675 /* icon_drawback.png */; };
		23F0632A17B9085F00231675 /* icon_drawback.psd in Resources */ = {isa = PBXBuildFile; fileRef = 23F0631717B9085F00231675 /* icon_drawback.psd */; };
		23F0632B17B9085F00231675 /* icon_forward.png in Resources */ = {isa = PBXBuildFile; fileRef = 23F0631817B9085F00231675 /* icon_forward.png */; };
		23F0632C17B9085F00231675 /* icon_forward.psd in Resources */ = {isa = PBXBuildFile; fileRef = 23F0631917B9085F00231675 /* icon_forward.psd */; };
		23F0632D17B9085F00231675 /* icon_play.png in Resources */ = {isa = PBXBuildFile; fileRef = 23F0631A17B9085F00231675 /* icon_play.png */; };
		23F0632E17B9085F00231675 /* icon_play.psd in Resources */ = {isa = PBXBuildFile; fileRef = 23F0631B17B9085F00231675 /* icon_play.psd */; };
		23F0632F17B9085F00231675 /* icon_playlist.psd in Resources */ = {isa = PBXBuildFile; fileRef = 23F0631C17B9085F00231675 /* icon_playlist.psd */; };
		23F0633017B9085F00231675 /* icon_return.psd in Resources */ = {isa = PBXBuildFile; fileRef = 23F0631D17B9085F00231675 /* icon_return.psd */; };
		23F0633117B9085F00231675 /* icon_share.png in Resources */ = {isa = PBXBuildFile; fileRef = 23F0631E17B9085F00231675 /* icon_share.png */; };
		23F0633217B9085F00231675 /* icon_share.psd in Resources */ = {isa = PBXBuildFile; fileRef = 23F0631F17B9085F00231675 /* icon_share.psd */; };
		23F0633317B9085F00231675 /* icon_time.png in Resources */ = {isa = PBXBuildFile; fileRef = 23F0632017B9085F00231675 /* icon_time.png */; };
		23F0633417B9085F00231675 /* icon_time.psd in Resources */ = {isa = PBXBuildFile; fileRef = 23F0632117B9085F00231675 /* icon_time.psd */; };
		23F0633617B9085F00231675 /* icon_volume.psd in Resources */ = {isa = PBXBuildFile; fileRef = 23F0632317B9085F00231675 /* icon_volume.psd */; };
		23F0633717B9085F00231675 /* playbackground.png in Resources */ = {isa = PBXBuildFile; fileRef = 23F0632417B9085F00231675 /* playbackground.png */; };
		23F0633817B9085F00231675 /* playbackground.psd in Resources */ = {isa = PBXBuildFile; fileRef = 23F0632517B9085F00231675 /* playbackground.psd */; };
		23F0633917B9085F00231675 /* playscreen_full.psd in Resources */ = {isa = PBXBuildFile; fileRef = 23F0632617B9085F00231675 /* playscreen_full.psd */; };
		23F0633B17B908D700231675 /* appicon_2_retina.png in Resources */ = {isa = PBXBuildFile; fileRef = 23F0633A17B908D700231675 /* appicon_2_retina.png */; };
		23F0633D17B909D000231675 /* appicon_2.png in Resources */ = {isa = PBXBuildFile; fileRef = 23F0633C17B909D000231675 /* appicon_2.png */; };
		23F0633F17B91BC500231675 /* icon_return.png in Resources */ = {isa = PBXBuildFile; fileRef = 23F0633E17B91BC500231675 /* icon_return.png */; };
		23F0634117B91C5B00231675 /* icon_playlist.png in Resources */ = {isa = PBXBuildFile; fileRef = 23F0634017B91C5B00231675 /* icon_playlist.png */; };
		23F0634317B9215300231675 /* icon_playscreen.png in Resources */ = {isa = PBXBuildFile; fileRef = 23F0634217B9215300231675 /* icon_playscreen.png */; };
		23F0634517B9284500231675 /* MediaPlayer.framework in Frameworks */ = {isa = PBXBuildFile; fileRef = 23F0634417B9284400231675 /* MediaPlayer.framework */; };
		23F0634717B92B3B00231675 /* icon_volumn.png in Resources */ = {isa = PBXBuildFile; fileRef = 23F0634617B92B3B00231675 /* icon_volumn.png */; };
		23F0634917B92D2E00231675 /* icon_volumn1.png in Resources */ = {isa = PBXBuildFile; fileRef = 23F0634817B92D2E00231675 /* icon_volumn1.png */; };
		23F0634B17B9375F00231675 /* slider-icon.png in Resources */ = {isa = PBXBuildFile; fileRef = 23F0634A17B9375F00231675 /* slider-icon.png */; };
		23F0635217B93D7400231675 /* .README.md.swp in Resources */ = {isa = PBXBuildFile; fileRef = 23F0634D17B93D7400231675 /* .README.md.swp */; };
		23F0635317B93D7400231675 /* libTestFlight.a in Frameworks */ = {isa = PBXBuildFile; fileRef = 23F0634E17B93D7400231675 /* libTestFlight.a */; };
		23F0635417B93D7400231675 /* README.md in Resources */ = {isa = PBXBuildFile; fileRef = 23F0634F17B93D7400231675 /* README.md */; };
		23F0635517B93D7400231675 /* release_notes.md in Resources */ = {isa = PBXBuildFile; fileRef = 23F0635017B93D7400231675 /* release_notes.md */; };
		23F0635717B93DAE00231675 /* libz.dylib in Frameworks */ = {isa = PBXBuildFile; fileRef = 23F0635617B93DAE00231675 /* libz.dylib */; };
/* End PBXBuildFile section */

/* Begin PBXFileReference section */
		23AC667817AF904A00ECDD79 /* APAudioPlayerViewController.h */ = {isa = PBXFileReference; fileEncoding = 4; lastKnownFileType = sourcecode.c.h; path = APAudioPlayerViewController.h; sourceTree = "<group>"; };
		23AC667B17AF90A300ECDD79 /* AVFoundation.framework */ = {isa = PBXFileReference; lastKnownFileType = wrapper.framework; name = AVFoundation.framework; path = System/Library/Frameworks/AVFoundation.framework; sourceTree = SDKROOT; };
		23AC667D17AF9A1D00ECDD79 /* CoreMedia.framework */ = {isa = PBXFileReference; lastKnownFileType = wrapper.framework; name = CoreMedia.framework; path = System/Library/Frameworks/CoreMedia.framework; sourceTree = SDKROOT; };
		23C1441817B2365700AD90E2 /* APAudioPlayerViewController.m */ = {isa = PBXFileReference; fileEncoding = 4; lastKnownFileType = sourcecode.c.objc; path = APAudioPlayerViewController.m; sourceTree = "<group>"; };
		23C1441A17B2436E00AD90E2 /* APDownloadViewController.h */ = {isa = PBXFileReference; fileEncoding = 4; lastKnownFileType = sourcecode.c.h; path = APDownloadViewController.h; sourceTree = "<group>"; };
		23C1441B17B2436E00AD90E2 /* APDownloadViewController.m */ = {isa = PBXFileReference; fileEncoding = 4; lastKnownFileType = sourcecode.c.objc; path = APDownloadViewController.m; sourceTree = "<group>"; };
		23E04B7A17A663EC00012192 /* AudioPlayerDemo.app */ = {isa = PBXFileReference; explicitFileType = wrapper.application; includeInIndex = 0; path = AudioPlayerDemo.app; sourceTree = BUILT_PRODUCTS_DIR; };
		23E04B7D17A663EC00012192 /* UIKit.framework */ = {isa = PBXFileReference; lastKnownFileType = wrapper.framework; name = UIKit.framework; path = System/Library/Frameworks/UIKit.framework; sourceTree = SDKROOT; };
		23E04B7F17A663EC00012192 /* Foundation.framework */ = {isa = PBXFileReference; lastKnownFileType = wrapper.framework; name = Foundation.framework; path = System/Library/Frameworks/Foundation.framework; sourceTree = SDKROOT; };
		23E04B8117A663EC00012192 /* CoreGraphics.framework */ = {isa = PBXFileReference; lastKnownFileType = wrapper.framework; name = CoreGraphics.framework; path = System/Library/Frameworks/CoreGraphics.framework; sourceTree = SDKROOT; };
		23E04B8517A663EC00012192 /* AudioPlayerDemo-Info.plist */ = {isa = PBXFileReference; lastKnownFileType = text.plist.xml; path = "AudioPlayerDemo-Info.plist"; sourceTree = "<group>"; };
		23E04B8717A663EC00012192 /* en */ = {isa = PBXFileReference; lastKnownFileType = text.plist.strings; name = en; path = en.lproj/InfoPlist.strings; sourceTree = "<group>"; };
		23E04B8917A663EC00012192 /* main.m */ = {isa = PBXFileReference; lastKnownFileType = sourcecode.c.objc; path = main.m; sourceTree = "<group>"; };
		23E04B8B17A663EC00012192 /* AudioPlayerDemo-Prefix.pch */ = {isa = PBXFileReference; lastKnownFileType = sourcecode.c.h; path = "AudioPlayerDemo-Prefix.pch"; sourceTree = "<group>"; };
		23E04B8C17A663EC00012192 /* APAppDelegate.h */ = {isa = PBXFileReference; lastKnownFileType = sourcecode.c.h; path = APAppDelegate.h; sourceTree = "<group>"; };
		23E04B8D17A663EC00012192 /* APAppDelegate.m */ = {isa = PBXFileReference; lastKnownFileType = sourcecode.c.objc; path = APAppDelegate.m; sourceTree = "<group>"; };
		23E04B8F17A663EC00012192 /* Default.png */ = {isa = PBXFileReference; lastKnownFileType = image.png; path = Default.png; sourceTree = "<group>"; };
		23E04B9117A663EC00012192 /* Default@2x.png */ = {isa = PBXFileReference; lastKnownFileType = image.png; path = "Default@2x.png"; sourceTree = "<group>"; };
		23E04B9317A663EC00012192 /* Default-568h@2x.png */ = {isa = PBXFileReference; lastKnownFileType = image.png; path = "Default-568h@2x.png"; sourceTree = "<group>"; };
		23E04B9617A663EC00012192 /* en */ = {isa = PBXFileReference; lastKnownFileType = file.storyboard; name = en; path = en.lproj/MainStoryboard.storyboard; sourceTree = "<group>"; };
		23E04B9B17A663EC00012192 /* first.png */ = {isa = PBXFileReference; lastKnownFileType = image.png; path = first.png; sourceTree = "<group>"; };
		23E04B9D17A663EC00012192 /* first@2x.png */ = {isa = PBXFileReference; lastKnownFileType = image.png; path = "first@2x.png"; sourceTree = "<group>"; };
		23E04BA217A663EC00012192 /* second.png */ = {isa = PBXFileReference; lastKnownFileType = image.png; path = second.png; sourceTree = "<group>"; };
		23E04BA417A663EC00012192 /* second@2x.png */ = {isa = PBXFileReference; lastKnownFileType = image.png; path = "second@2x.png"; sourceTree = "<group>"; };
		23E04BAC17A674BC00012192 /* APSettingController.h */ = {isa = PBXFileReference; fileEncoding = 4; lastKnownFileType = sourcecode.c.h; path = APSettingController.h; sourceTree = "<group>"; };
		23E04BAD17A674BC00012192 /* APSettingController.m */ = {isa = PBXFileReference; fileEncoding = 4; lastKnownFileType = sourcecode.c.objc; path = APSettingController.m; sourceTree = "<group>"; };
		23E04BAF17A6798C00012192 /* APPlaylistViewController.h */ = {isa = PBXFileReference; fileEncoding = 4; lastKnownFileType = sourcecode.c.h; name = APPlaylistViewController.h; path = ../APPlaylistViewController.h; sourceTree = "<group>"; };
		23E04BB017A6798C00012192 /* APPlaylistViewController.m */ = {isa = PBXFileReference; fileEncoding = 4; lastKnownFileType = sourcecode.c.objc; name = APPlaylistViewController.m; path = ../APPlaylistViewController.m; sourceTree = "<group>"; };
		23E04BB317A67AC000012192 /* APAudioFile.h */ = {isa = PBXFileReference; fileEncoding = 4; lastKnownFileType = sourcecode.c.h; path = APAudioFile.h; sourceTree = "<group>"; };
		23E04BB417A67AC000012192 /* APAudioFile.m */ = {isa = PBXFileReference; fileEncoding = 4; lastKnownFileType = sourcecode.c.objc; path = APAudioFile.m; sourceTree = "<group>"; };
		23E04BCC17A67C4300012192 /* AFHTTPClient.h */ = {isa = PBXFileReference; fileEncoding = 4; lastKnownFileType = sourcecode.c.h; path = AFHTTPClient.h; sourceTree = "<group>"; };
		23E04BCD17A67C4300012192 /* AFHTTPClient.m */ = {isa = PBXFileReference; fileEncoding = 4; lastKnownFileType = sourcecode.c.objc; path = AFHTTPClient.m; sourceTree = "<group>"; };
		23E04BCE17A67C4300012192 /* AFHTTPRequestOperation.h */ = {isa = PBXFileReference; fileEncoding = 4; lastKnownFileType = sourcecode.c.h; path = AFHTTPRequestOperation.h; sourceTree = "<group>"; };
		23E04BCF17A67C4300012192 /* AFHTTPRequestOperation.m */ = {isa = PBXFileReference; fileEncoding = 4; lastKnownFileType = sourcecode.c.objc; path = AFHTTPRequestOperation.m; sourceTree = "<group>"; };
		23E04BD017A67C4300012192 /* AFImageRequestOperation.h */ = {isa = PBXFileReference; fileEncoding = 4; lastKnownFileType = sourcecode.c.h; path = AFImageRequestOperation.h; sourceTree = "<group>"; };
		23E04BD117A67C4300012192 /* AFImageRequestOperation.m */ = {isa = PBXFileReference; fileEncoding = 4; lastKnownFileType = sourcecode.c.objc; path = AFImageRequestOperation.m; sourceTree = "<group>"; };
		23E04BD217A67C4300012192 /* AFJSONRequestOperation.h */ = {isa = PBXFileReference; fileEncoding = 4; lastKnownFileType = sourcecode.c.h; path = AFJSONRequestOperation.h; sourceTree = "<group>"; };
		23E04BD317A67C4300012192 /* AFJSONRequestOperation.m */ = {isa = PBXFileReference; fileEncoding = 4; lastKnownFileType = sourcecode.c.objc; path = AFJSONRequestOperation.m; sourceTree = "<group>"; };
		23E04BD417A67C4300012192 /* AFNetworkActivityIndicatorManager.h */ = {isa = PBXFileReference; fileEncoding = 4; lastKnownFileType = sourcecode.c.h; path = AFNetworkActivityIndicatorManager.h; sourceTree = "<group>"; };
		23E04BD517A67C4300012192 /* AFNetworkActivityIndicatorManager.m */ = {isa = PBXFileReference; fileEncoding = 4; lastKnownFileType = sourcecode.c.objc; path = AFNetworkActivityIndicatorManager.m; sourceTree = "<group>"; };
		23E04BD617A67C4300012192 /* AFNetworking.h */ = {isa = PBXFileReference; fileEncoding = 4; lastKnownFileType = sourcecode.c.h; path = AFNetworking.h; sourceTree = "<group>"; };
		23E04BD717A67C4300012192 /* AFPropertyListRequestOperation.h */ = {isa = PBXFileReference; fileEncoding = 4; lastKnownFileType = sourcecode.c.h; path = AFPropertyListRequestOperation.h; sourceTree = "<group>"; };
		23E04BD817A67C4300012192 /* AFPropertyListRequestOperation.m */ = {isa = PBXFileReference; fileEncoding = 4; lastKnownFileType = sourcecode.c.objc; path = AFPropertyListRequestOperation.m; sourceTree = "<group>"; };
		23E04BD917A67C4300012192 /* AFURLConnectionOperation.h */ = {isa = PBXFileReference; fileEncoding = 4; lastKnownFileType = sourcecode.c.h; path = AFURLConnectionOperation.h; sourceTree = "<group>"; };
		23E04BDA17A67C4300012192 /* AFURLConnectionOperation.m */ = {isa = PBXFileReference; fileEncoding = 4; lastKnownFileType = sourcecode.c.objc; path = AFURLConnectionOperation.m; sourceTree = "<group>"; };
		23E04BDB17A67C4300012192 /* AFXMLRequestOperation.h */ = {isa = PBXFileReference; fileEncoding = 4; lastKnownFileType = sourcecode.c.h; path = AFXMLRequestOperation.h; sourceTree = "<group>"; };
		23E04BDC17A67C4300012192 /* AFXMLRequestOperation.m */ = {isa = PBXFileReference; fileEncoding = 4; lastKnownFileType = sourcecode.c.objc; path = AFXMLRequestOperation.m; sourceTree = "<group>"; };
		23E04BDD17A67C4300012192 /* UIImageView+AFNetworking.h */ = {isa = PBXFileReference; fileEncoding = 4; lastKnownFileType = sourcecode.c.h; path = "UIImageView+AFNetworking.h"; sourceTree = "<group>"; };
		23E04BDE17A67C4300012192 /* UIImageView+AFNetworking.m */ = {isa = PBXFileReference; fileEncoding = 4; lastKnownFileType = sourcecode.c.objc; path = "UIImageView+AFNetworking.m"; sourceTree = "<group>"; };
		23E04BE917A681A200012192 /* APAudioTableCell.h */ = {isa = PBXFileReference; fileEncoding = 4; lastKnownFileType = sourcecode.c.h; path = APAudioTableCell.h; sourceTree = "<group>"; };
		23E04BEA17A681A200012192 /* APAudioTableCell.m */ = {isa = PBXFileReference; fileEncoding = 4; lastKnownFileType = sourcecode.c.objc; path = APAudioTableCell.m; sourceTree = "<group>"; };
		23E04BF317A794F900012192 /* APDownloadManager.h */ = {isa = PBXFileReference; fileEncoding = 4; lastKnownFileType = sourcecode.c.h; path = APDownloadManager.h; sourceTree = "<group>"; };
		23E04BF417A794F900012192 /* APDownloadManager.m */ = {isa = PBXFileReference; fileEncoding = 4; lastKnownFileType = sourcecode.c.objc; path = APDownloadManager.m; sourceTree = "<group>"; };
		23F0631417B9085F00231675 /* icon_download.png */ = {isa = PBXFileReference; lastKnownFileType = image.png; path = icon_download.png; sourceTree = "<group>"; };
		23F0631517B9085F00231675 /* icon_download.psd */ = {isa = PBXFileReference; lastKnownFileType = file; path = icon_download.psd; sourceTree = "<group>"; };
		23F0631617B9085F00231675 /* icon_drawback.png */ = {isa = PBXFileReference; lastKnownFileType = image.png; path = icon_drawback.png; sourceTree = "<group>"; };
		23F0631717B9085F00231675 /* icon_drawback.psd */ = {isa = PBXFileReference; lastKnownFileType = file; path = icon_drawback.psd; sourceTree = "<group>"; };
		23F0631817B9085F00231675 /* icon_forward.png */ = {isa = PBXFileReference; lastKnownFileType = image.png; path = icon_forward.png; sourceTree = "<group>"; };
		23F0631917B9085F00231675 /* icon_forward.psd */ = {isa = PBXFileReference; lastKnownFileType = file; path = icon_forward.psd; sourceTree = "<group>"; };
		23F0631A17B9085F00231675 /* icon_play.png */ = {isa = PBXFileReference; lastKnownFileType = image.png; path = icon_play.png; sourceTree = "<group>"; };
		23F0631B17B9085F00231675 /* icon_play.psd */ = {isa = PBXFileReference; lastKnownFileType = file; path = icon_play.psd; sourceTree = "<group>"; };
		23F0631C17B9085F00231675 /* icon_playlist.psd */ = {isa = PBXFileReference; lastKnownFileType = file; path = icon_playlist.psd; sourceTree = "<group>"; };
		23F0631D17B9085F00231675 /* icon_return.psd */ = {isa = PBXFileReference; lastKnownFileType = file; path = icon_return.psd; sourceTree = "<group>"; };
		23F0631E17B9085F00231675 /* icon_share.png */ = {isa = PBXFileReference; lastKnownFileType = image.png; path = icon_share.png; sourceTree = "<group>"; };
		23F0631F17B9085F00231675 /* icon_share.psd */ = {isa = PBXFileReference; lastKnownFileType = file; path = icon_share.psd; sourceTree = "<group>"; };
		23F0632017B9085F00231675 /* icon_time.png */ = {isa = PBXFileReference; lastKnownFileType = image.png; path = icon_time.png; sourceTree = "<group>"; };
		23F0632117B9085F00231675 /* icon_time.psd */ = {isa = PBXFileReference; lastKnownFileType = file; path = icon_time.psd; sourceTree = "<group>"; };
		23F0632317B9085F00231675 /* icon_volume.psd */ = {isa = PBXFileReference; lastKnownFileType = file; path = icon_volume.psd; sourceTree = "<group>"; };
		23F0632417B9085F00231675 /* playbackground.png */ = {isa = PBXFileReference; lastKnownFileType = image.png; path = playbackground.png; sourceTree = "<group>"; };
		23F0632517B9085F00231675 /* playbackground.psd */ = {isa = PBXFileReference; lastKnownFileType = file; path = playbackground.psd; sourceTree = "<group>"; };
		23F0632617B9085F00231675 /* playscreen_full.psd */ = {isa = PBXFileReference; lastKnownFileType = file; path = playscreen_full.psd; sourceTree = "<group>"; };
		23F0633A17B908D700231675 /* appicon_2_retina.png */ = {isa = PBXFileReference; lastKnownFileType = image.png; path = appicon_2_retina.png; sourceTree = "<group>"; };
		23F0633C17B909D000231675 /* appicon_2.png */ = {isa = PBXFileReference; lastKnownFileType = image.png; path = appicon_2.png; sourceTree = "<group>"; };
		23F0633E17B91BC500231675 /* icon_return.png */ = {isa = PBXFileReference; lastKnownFileType = image.png; path = icon_return.png; sourceTree = "<group>"; };
		23F0634017B91C5B00231675 /* icon_playlist.png */ = {isa = PBXFileReference; lastKnownFileType = image.png; path = icon_playlist.png; sourceTree = "<group>"; };
		23F0634217B9215300231675 /* icon_playscreen.png */ = {isa = PBXFileReference; lastKnownFileType = image.png; path = icon_playscreen.png; sourceTree = "<group>"; };
		23F0634417B9284400231675 /* MediaPlayer.framework */ = {isa = PBXFileReference; lastKnownFileType = wrapper.framework; name = MediaPlayer.framework; path = System/Library/Frameworks/MediaPlayer.framework; sourceTree = SDKROOT; };
		23F0634617B92B3B00231675 /* icon_volumn.png */ = {isa = PBXFileReference; lastKnownFileType = image.png; name = icon_volumn.png; path = ../../../../Dropbox/huaxingtan/icon/icon_volumn.png; sourceTree = "<group>"; };
		23F0634817B92D2E00231675 /* icon_volumn1.png */ = {isa = PBXFileReference; lastKnownFileType = image.png; name = icon_volumn1.png; path = ../../../../Dropbox/huaxingtan/icon/icon_volumn1.png; sourceTree = "<group>"; };
		23F0634A17B9375F00231675 /* slider-icon.png */ = {isa = PBXFileReference; lastKnownFileType = image.png; path = "slider-icon.png"; sourceTree = "<group>"; };
		23F0634D17B93D7400231675 /* .README.md.swp */ = {isa = PBXFileReference; lastKnownFileType = file; path = .README.md.swp; sourceTree = "<group>"; };
		23F0634E17B93D7400231675 /* libTestFlight.a */ = {isa = PBXFileReference; lastKnownFileType = archive.ar; path = libTestFlight.a; sourceTree = "<group>"; };
		23F0634F17B93D7400231675 /* README.md */ = {isa = PBXFileReference; fileEncoding = 4; lastKnownFileType = text; path = README.md; sourceTree = "<group>"; };
		23F0635017B93D7400231675 /* release_notes.md */ = {isa = PBXFileReference; fileEncoding = 4; lastKnownFileType = text; path = release_notes.md; sourceTree = "<group>"; };
		23F0635117B93D7400231675 /* TestFlight.h */ = {isa = PBXFileReference; fileEncoding = 4; lastKnownFileType = sourcecode.c.h; path = TestFlight.h; sourceTree = "<group>"; };
		23F0635617B93DAE00231675 /* libz.dylib */ = {isa = PBXFileReference; lastKnownFileType = "compiled.mach-o.dylib"; name = libz.dylib; path = usr/lib/libz.dylib; sourceTree = SDKROOT; };
/* End PBXFileReference section */

/* Begin PBXFrameworksBuildPhase section */
		23E04B7717A663EB00012192 /* Frameworks */ = {
			isa = PBXFrameworksBuildPhase;
			buildActionMask = 2147483647;
			files = (
				23F0635717B93DAE00231675 /* libz.dylib in Frameworks */,
				23F0634517B9284500231675 /* MediaPlayer.framework in Frameworks */,
				23AC667E17AF9A1D00ECDD79 /* CoreMedia.framework in Frameworks */,
				23AC667C17AF90A300ECDD79 /* AVFoundation.framework in Frameworks */,
				23E04B7E17A663EC00012192 /* UIKit.framework in Frameworks */,
				23E04B8017A663EC00012192 /* Foundation.framework in Frameworks */,
				23E04B8217A663EC00012192 /* CoreGraphics.framework in Frameworks */,
				23F0635317B93D7400231675 /* libTestFlight.a in Frameworks */,
			);
			runOnlyForDeploymentPostprocessing = 0;
		};
/* End PBXFrameworksBuildPhase section */

/* Begin PBXGroup section */
		23E04B7117A663EB00012192 = {
			isa = PBXGroup;
			children = (
				23F0635617B93DAE00231675 /* libz.dylib */,
				23F0634417B9284400231675 /* MediaPlayer.framework */,
				23F0633C17B909D000231675 /* appicon_2.png */,
				23F0633A17B908D700231675 /* appicon_2_retina.png */,
				23E04B8317A663EC00012192 /* AudioPlayerDemo */,
				23E04B7C17A663EC00012192 /* Frameworks */,
				23E04B7B17A663EC00012192 /* Products */,
			);
			sourceTree = "<group>";
		};
		23E04B7B17A663EC00012192 /* Products */ = {
			isa = PBXGroup;
			children = (
				23E04B7A17A663EC00012192 /* AudioPlayerDemo.app */,
			);
			name = Products;
			sourceTree = "<group>";
		};
		23E04B7C17A663EC00012192 /* Frameworks */ = {
			isa = PBXGroup;
			children = (
				23AC667D17AF9A1D00ECDD79 /* CoreMedia.framework */,
				23AC667B17AF90A300ECDD79 /* AVFoundation.framework */,
				23E04B7D17A663EC00012192 /* UIKit.framework */,
				23E04B7F17A663EC00012192 /* Foundation.framework */,
				23E04B8117A663EC00012192 /* CoreGraphics.framework */,
			);
			name = Frameworks;
			sourceTree = "<group>";
		};
		23E04B8317A663EC00012192 /* AudioPlayerDemo */ = {
			isa = PBXGroup;
			children = (
				23F0634C17B93D7400231675 /* TestFlightSDK1.2.6 */,
				23E04BEC17A780B400012192 /* download */,
				23E04BE817A6816000012192 /* view */,
				23E04BB217A67A2D00012192 /* model */,
				23E04BAB17A6748D00012192 /* controller */,
				23E04B8C17A663EC00012192 /* APAppDelegate.h */,
				23E04B8D17A663EC00012192 /* APAppDelegate.m */,
				23E04B9517A663EC00012192 /* MainStoryboard.storyboard */,
				23F0631317B9085F00231675 /* icon */,
				23E04B8417A663EC00012192 /* Supporting Files */,
			);
			path = AudioPlayerDemo;
			sourceTree = "<group>";
		};
		23E04B8417A663EC00012192 /* Supporting Files */ = {
			isa = PBXGroup;
			children = (
				23F0634817B92D2E00231675 /* icon_volumn1.png */,
				23F0634617B92B3B00231675 /* icon_volumn.png */,
				23E04BB817A67BF600012192 /* AFNetworking */,
				23E04B9B17A663EC00012192 /* first.png */,
				23E04B9D17A663EC00012192 /* first@2x.png */,
				23E04BA217A663EC00012192 /* second.png */,
				23E04BA417A663EC00012192 /* second@2x.png */,
				23E04B8517A663EC00012192 /* AudioPlayerDemo-Info.plist */,
				23E04B8617A663EC00012192 /* InfoPlist.strings */,
				23E04B8917A663EC00012192 /* main.m */,
				23E04B8B17A663EC00012192 /* AudioPlayerDemo-Prefix.pch */,
				23E04B8F17A663EC00012192 /* Default.png */,
				23E04B9117A663EC00012192 /* Default@2x.png */,
				23E04B9317A663EC00012192 /* Default-568h@2x.png */,
			);
			name = "Supporting Files";
			sourceTree = "<group>";
		};
		23E04BAB17A6748D00012192 /* controller */ = {
			isa = PBXGroup;
			children = (
				23E04BAF17A6798C00012192 /* APPlaylistViewController.h */,
				23E04BB017A6798C00012192 /* APPlaylistViewController.m */,
				23E04BAC17A674BC00012192 /* APSettingController.h */,
				23E04BAD17A674BC00012192 /* APSettingController.m */,
				23AC667817AF904A00ECDD79 /* APAudioPlayerViewController.h */,
				23C1441817B2365700AD90E2 /* APAudioPlayerViewController.m */,
				23C1441A17B2436E00AD90E2 /* APDownloadViewController.h */,
				23C1441B17B2436E00AD90E2 /* APDownloadViewController.m */,
			);
			name = controller;
			sourceTree = "<group>";
		};
		23E04BB217A67A2D00012192 /* model */ = {
			isa = PBXGroup;
			children = (
				23E04BB317A67AC000012192 /* APAudioFile.h */,
				23E04BB417A67AC000012192 /* APAudioFile.m */,
			);
			name = model;
			sourceTree = "<group>";
		};
		23E04BB817A67BF600012192 /* AFNetworking */ = {
			isa = PBXGroup;
			children = (
				23E04BCC17A67C4300012192 /* AFHTTPClient.h */,
				23E04BCD17A67C4300012192 /* AFHTTPClient.m */,
				23E04BCE17A67C4300012192 /* AFHTTPRequestOperation.h */,
				23E04BCF17A67C4300012192 /* AFHTTPRequestOperation.m */,
				23E04BD017A67C4300012192 /* AFImageRequestOperation.h */,
				23E04BD117A67C4300012192 /* AFImageRequestOperation.m */,
				23E04BD217A67C4300012192 /* AFJSONRequestOperation.h */,
				23E04BD317A67C4300012192 /* AFJSONRequestOperation.m */,
				23E04BD417A67C4300012192 /* AFNetworkActivityIndicatorManager.h */,
				23E04BD517A67C4300012192 /* AFNetworkActivityIndicatorManager.m */,
				23E04BD617A67C4300012192 /* AFNetworking.h */,
				23E04BD717A67C4300012192 /* AFPropertyListRequestOperation.h */,
				23E04BD817A67C4300012192 /* AFPropertyListRequestOperation.m */,
				23E04BD917A67C4300012192 /* AFURLConnectionOperation.h */,
				23E04BDA17A67C4300012192 /* AFURLConnectionOperation.m */,
				23E04BDB17A67C4300012192 /* AFXMLRequestOperation.h */,
				23E04BDC17A67C4300012192 /* AFXMLRequestOperation.m */,
				23E04BDD17A67C4300012192 /* UIImageView+AFNetworking.h */,
				23E04BDE17A67C4300012192 /* UIImageView+AFNetworking.m */,
			);
			name = AFNetworking;
			sourceTree = "<group>";
		};
		23E04BE817A6816000012192 /* view */ = {
			isa = PBXGroup;
			children = (
				23E04BE917A681A200012192 /* APAudioTableCell.h */,
				23E04BEA17A681A200012192 /* APAudioTableCell.m */,
			);
			name = view;
			sourceTree = "<group>";
		};
		23E04BEC17A780B400012192 /* download */ = {
			isa = PBXGroup;
			children = (
				23E04BF317A794F900012192 /* APDownloadManager.h */,
				23E04BF417A794F900012192 /* APDownloadManager.m */,
			);
			name = download;
			sourceTree = "<group>";
		};
		23F0631317B9085F00231675 /* icon */ = {
			isa = PBXGroup;
			children = (
				23F0634A17B9375F00231675 /* slider-icon.png */,
				23F0634217B9215300231675 /* icon_playscreen.png */,
				23F0633E17B91BC500231675 /* icon_return.png */,
				23F0631417B9085F00231675 /* icon_download.png */,
				23F0631517B9085F00231675 /* icon_download.psd */,
				23F0631617B9085F00231675 /* icon_drawback.png */,
				23F0634017B91C5B00231675 /* icon_playlist.png */,
				23F0631717B9085F00231675 /* icon_drawback.psd */,
				23F0631817B9085F00231675 /* icon_forward.png */,
				23F0631917B9085F00231675 /* icon_forward.psd */,
				23F0631A17B9085F00231675 /* icon_play.png */,
				23F0631B17B9085F00231675 /* icon_play.psd */,
				23F0631C17B9085F00231675 /* icon_playlist.psd */,
				23F0631D17B9085F00231675 /* icon_return.psd */,
				23F0631E17B9085F00231675 /* icon_share.png */,
				23F0631F17B9085F00231675 /* icon_share.psd */,
				23F0632017B9085F00231675 /* icon_time.png */,
				23F0632117B9085F00231675 /* icon_time.psd */,
				23F0632317B9085F00231675 /* icon_volume.psd */,
				23F0632417B9085F00231675 /* playbackground.png */,
				23F0632517B9085F00231675 /* playbackground.psd */,
				23F0632617B9085F00231675 /* playscreen_full.psd */,
			);
			name = icon;
			path = ../../../../Dropbox/huaxingtan/icon;
			sourceTree = "<group>";
		};
		23F0634C17B93D7400231675 /* TestFlightSDK1.2.6 */ = {
			isa = PBXGroup;
			children = (
				23F0634D17B93D7400231675 /* .README.md.swp */,
				23F0634E17B93D7400231675 /* libTestFlight.a */,
				23F0634F17B93D7400231675 /* README.md */,
				23F0635017B93D7400231675 /* release_notes.md */,
				23F0635117B93D7400231675 /* TestFlight.h */,
			);
			path = TestFlightSDK1.2.6;
			sourceTree = "<group>";
		};
/* End PBXGroup section */

/* Begin PBXNativeTarget section */
		23E04B7917A663EB00012192 /* AudioPlayerDemo */ = {
			isa = PBXNativeTarget;
			buildConfigurationList = 23E04BA817A663EC00012192 /* Build configuration list for PBXNativeTarget "AudioPlayerDemo" */;
			buildPhases = (
				23E04B7617A663EB00012192 /* Sources */,
				23E04B7717A663EB00012192 /* Frameworks */,
				23E04B7817A663EB00012192 /* Resources */,
			);
			buildRules = (
			);
			dependencies = (
			);
			name = AudioPlayerDemo;
			productName = AudioPlayerDemo;
			productReference = 23E04B7A17A663EC00012192 /* AudioPlayerDemo.app */;
			productType = "com.apple.product-type.application";
		};
/* End PBXNativeTarget section */

/* Begin PBXProject section */
		23E04B7217A663EB00012192 /* Project object */ = {
			isa = PBXProject;
			attributes = {
				CLASSPREFIX = AP;
				LastUpgradeCheck = 0460;
				ORGANIZATIONNAME = me.scv119;
			};
			buildConfigurationList = 23E04B7517A663EB00012192 /* Build configuration list for PBXProject "AudioPlayerDemo" */;
			compatibilityVersion = "Xcode 3.2";
			developmentRegion = English;
			hasScannedForEncodings = 0;
			knownRegions = (
				en,
			);
			mainGroup = 23E04B7117A663EB00012192;
			productRefGroup = 23E04B7B17A663EC00012192 /* Products */;
			projectDirPath = "";
			projectRoot = "";
			targets = (
				23E04B7917A663EB00012192 /* AudioPlayerDemo */,
			);
		};
/* End PBXProject section */

/* Begin PBXResourcesBuildPhase section */
		23E04B7817A663EB00012192 /* Resources */ = {
			isa = PBXResourcesBuildPhase;
			buildActionMask = 2147483647;
			files = (
				23E04B8817A663EC00012192 /* InfoPlist.strings in Resources */,
				23E04B9017A663EC00012192 /* Default.png in Resources */,
				23E04B9217A663EC00012192 /* Default@2x.png in Resources */,
				23E04B9417A663EC00012192 /* Default-568h@2x.png in Resources */,
				23E04B9717A663EC00012192 /* MainStoryboard.storyboard in Resources */,
				23E04B9C17A663EC00012192 /* first.png in Resources */,
				23E04B9E17A663EC00012192 /* first@2x.png in Resources */,
				23E04BA317A663EC00012192 /* second.png in Resources */,
				23E04BA517A663EC00012192 /* second@2x.png in Resources */,
				23F0632717B9085F00231675 /* icon_download.png in Resources */,
				23F0632817B9085F00231675 /* icon_download.psd in Resources */,
				23F0632917B9085F00231675 /* icon_drawback.png in Resources */,
				23F0632A17B9085F00231675 /* icon_drawback.psd in Resources */,
				23F0632B17B9085F00231675 /* icon_forward.png in Resources */,
				23F0632C17B9085F00231675 /* icon_forward.psd in Resources */,
				23F0632D17B9085F00231675 /* icon_play.png in Resources */,
				23F0632E17B9085F00231675 /* icon_play.psd in Resources */,
				23F0632F17B9085F00231675 /* icon_playlist.psd in Resources */,
				23F0633017B9085F00231675 /* icon_return.psd in Resources */,
				23F0633117B9085F00231675 /* icon_share.png in Resources */,
				23F0633217B9085F00231675 /* icon_share.psd in Resources */,
				23F0633317B9085F00231675 /* icon_time.png in Resources */,
				23F0633417B9085F00231675 /* icon_time.psd in Resources */,
				23F0633617B9085F00231675 /* icon_volume.psd in Resources */,
				23F0633717B9085F00231675 /* playbackground.png in Resources */,
				23F0633817B9085F00231675 /* playbackground.psd in Resources */,
				23F0633917B9085F00231675 /* playscreen_full.psd in Resources */,
				23F0633B17B908D700231675 /* appicon_2_retina.png in Resources */,
				23F0633D17B909D000231675 /* appicon_2.png in Resources */,
				23F0633F17B91BC500231675 /* icon_return.png in Resources */,
				23F0634117B91C5B00231675 /* icon_playlist.png in Resources */,
				23F0634317B9215300231675 /* icon_playscreen.png in Resources */,
				23F0634717B92B3B00231675 /* icon_volumn.png in Resources */,
				23F0634917B92D2E00231675 /* icon_volumn1.png in Resources */,
				23F0634B17B9375F00231675 /* slider-icon.png in Resources */,
				23F0635217B93D7400231675 /* .README.md.swp in Resources */,
				23F0635417B93D7400231675 /* README.md in Resources */,
				23F0635517B93D7400231675 /* release_notes.md in Resources */,
			);
			runOnlyForDeploymentPostprocessing = 0;
		};
/* End PBXResourcesBuildPhase section */

/* Begin PBXSourcesBuildPhase section */
		23E04B7617A663EB00012192 /* Sources */ = {
			isa = PBXSourcesBuildPhase;
			buildActionMask = 2147483647;
			files = (
				23E04B8A17A663EC00012192 /* main.m in Sources */,
				23E04B8E17A663EC00012192 /* APAppDelegate.m in Sources */,
				23E04BAE17A674BC00012192 /* APSettingController.m in Sources */,
				23E04BB117A6798C00012192 /* APPlaylistViewController.m in Sources */,
				23E04BB517A67AC000012192 /* APAudioFile.m in Sources */,
				23E04BDF17A67C4300012192 /* AFHTTPClient.m in Sources */,
				23E04BE017A67C4300012192 /* AFHTTPRequestOperation.m in Sources */,
				23E04BE117A67C4300012192 /* AFImageRequestOperation.m in Sources */,
				23E04BE217A67C4300012192 /* AFJSONRequestOperation.m in Sources */,
				23E04BE317A67C4300012192 /* AFNetworkActivityIndicatorManager.m in Sources */,
				23E04BE417A67C4300012192 /* AFPropertyListRequestOperation.m in Sources */,
				23E04BE517A67C4300012192 /* AFURLConnectionOperation.m in Sources */,
				23E04BE617A67C4300012192 /* AFXMLRequestOperation.m in Sources */,
				23E04BE717A67C4300012192 /* UIImageView+AFNetworking.m in Sources */,
				23E04BEB17A681A200012192 /* APAudioTableCell.m in Sources */,
				23E04BF517A794F900012192 /* APDownloadManager.m in Sources */,
				23C1441917B2365700AD90E2 /* APAudioPlayerViewController.m in Sources */,
				23C1441C17B2436E00AD90E2 /* APDownloadViewController.m in Sources */,
			);
			runOnlyForDeploymentPostprocessing = 0;
		};
/* End PBXSourcesBuildPhase section */

/* Begin PBXVariantGroup section */
		23E04B8617A663EC00012192 /* InfoPlist.strings */ = {
			isa = PBXVariantGroup;
			children = (
				23E04B8717A663EC00012192 /* en */,
			);
			name = InfoPlist.strings;
			sourceTree = "<group>";
		};
		23E04B9517A663EC00012192 /* MainStoryboard.storyboard */ = {
			isa = PBXVariantGroup;
			children = (
				23E04B9617A663EC00012192 /* en */,
			);
			name = MainStoryboard.storyboard;
			sourceTree = "<group>";
		};
/* End PBXVariantGroup section */

/* Begin XCBuildConfiguration section */
		23E04BA617A663EC00012192 /* Debug */ = {
			isa = XCBuildConfiguration;
			buildSettings = {
				ALWAYS_SEARCH_USER_PATHS = NO;
				CLANG_CXX_LANGUAGE_STANDARD = "gnu++0x";
				CLANG_CXX_LIBRARY = "libc++";
				CLANG_ENABLE_OBJC_ARC = YES;
				CLANG_WARN_CONSTANT_CONVERSION = YES;
				CLANG_WARN_EMPTY_BODY = YES;
				CLANG_WARN_ENUM_CONVERSION = YES;
				CLANG_WARN_INT_CONVERSION = YES;
				CLANG_WARN__DUPLICATE_METHOD_MATCH = YES;
				"CODE_SIGN_IDENTITY[sdk=iphoneos*]" = "iPhone Developer";
				COPY_PHASE_STRIP = NO;
				GCC_C_LANGUAGE_STANDARD = gnu99;
				GCC_DYNAMIC_NO_PIC = NO;
				GCC_OPTIMIZATION_LEVEL = 0;
				GCC_PREPROCESSOR_DEFINITIONS = (
					"DEBUG=1",
					"$(inherited)",
				);
				GCC_SYMBOLS_PRIVATE_EXTERN = NO;
				GCC_WARN_ABOUT_RETURN_TYPE = YES;
				GCC_WARN_UNINITIALIZED_AUTOS = YES;
				GCC_WARN_UNUSED_VARIABLE = YES;
				IPHONEOS_DEPLOYMENT_TARGET = 6.1;
				ONLY_ACTIVE_ARCH = YES;
				SDKROOT = iphoneos;
			};
			name = Debug;
		};
		23E04BA717A663EC00012192 /* Release */ = {
			isa = XCBuildConfiguration;
			buildSettings = {
				ALWAYS_SEARCH_USER_PATHS = NO;
				CLANG_CXX_LANGUAGE_STANDARD = "gnu++0x";
				CLANG_CXX_LIBRARY = "libc++";
				CLANG_ENABLE_OBJC_ARC = YES;
				CLANG_WARN_CONSTANT_CONVERSION = YES;
				CLANG_WARN_EMPTY_BODY = YES;
				CLANG_WARN_ENUM_CONVERSION = YES;
				CLANG_WARN_INT_CONVERSION = YES;
				CLANG_WARN__DUPLICATE_METHOD_MATCH = YES;
				"CODE_SIGN_IDENTITY[sdk=iphoneos*]" = "iPhone Developer";
				COPY_PHASE_STRIP = YES;
				GCC_C_LANGUAGE_STANDARD = gnu99;
				GCC_WARN_ABOUT_RETURN_TYPE = YES;
				GCC_WARN_UNINITIALIZED_AUTOS = YES;
				GCC_WARN_UNUSED_VARIABLE = YES;
				IPHONEOS_DEPLOYMENT_TARGET = 6.1;
				OTHER_CFLAGS = "-DNS_BLOCK_ASSERTIONS=1";
				SDKROOT = iphoneos;
				VALIDATE_PRODUCT = YES;
			};
			name = Release;
		};
		23E04BA917A663EC00012192 /* Debug */ = {
			isa = XCBuildConfiguration;
			buildSettings = {
				GCC_PRECOMPILE_PREFIX_HEADER = YES;
				GCC_PREFIX_HEADER = "AudioPlayerDemo/AudioPlayerDemo-Prefix.pch";
				INFOPLIST_FILE = "AudioPlayerDemo/AudioPlayerDemo-Info.plist";
				IPHONEOS_DEPLOYMENT_TARGET = 6.1;
				LIBRARY_SEARCH_PATHS = (
					"$(inherited)",
					"\"$(SRCROOT)/AudioPlayerDemo/TestFlightSDK1.2.6\"",
				);
				PRODUCT_NAME = "$(TARGET_NAME)";
				WRAPPER_EXTENSION = app;
			};
			name = Debug;
		};
		23E04BAA17A663EC00012192 /* Release */ = {
			isa = XCBuildConfiguration;
			buildSettings = {
				GCC_PRECOMPILE_PREFIX_HEADER = YES;
				GCC_PREFIX_HEADER = "AudioPlayerDemo/AudioPlayerDemo-Prefix.pch";
				INFOPLIST_FILE = "AudioPlayerDemo/AudioPlayerDemo-Info.plist";
				IPHONEOS_DEPLOYMENT_TARGET = 6.1;
				LIBRARY_SEARCH_PATHS = (
					"$(inherited)",
					"\"$(SRCROOT)/AudioPlayerDemo/TestFlightSDK1.2.6\"",
				);
				PRODUCT_NAME = "$(TARGET_NAME)";
				WRAPPER_EXTENSION = app;
			};
			name = Release;
		};
/* End XCBuildConfiguration section */

/* Begin XCConfigurationList section */
		23E04B7517A663EB00012192 /* Build configuration list for PBXProject "AudioPlayerDemo" */ = {
			isa = XCConfigurationList;
			buildConfigurations = (
				23E04BA617A663EC00012192 /* Debug */,
				23E04BA717A663EC00012192 /* Release */,
			);
			defaultConfigurationIsVisible = 0;
			defaultConfigurationName = Release;
		};
		23E04BA817A663EC00012192 /* Build configuration list for PBXNativeTarget "AudioPlayerDemo" */ = {
			isa = XCConfigurationList;
			buildConfigurations = (
				23E04BA917A663EC00012192 /* Debug */,
				23E04BAA17A663EC00012192 /* Release */,
			);
			defaultConfigurationIsVisible = 0;
			defaultConfigurationName = Release;
		};
/* End XCConfigurationList section */
	};
	rootObject = 23E04B7217A663EB00012192 /* Project object */;
}
