// !$*UTF8*$!
{
	archiveVersion = 1;
	classes = {
	};
	objectVersion = 46;
	objects = {

/* Begin PBXBuildFile section */
		2316316517F01BEC003028BD /* download.png in Resources */ = {isa = PBXBuildFile; fileRef = 2316315F17F01BEC003028BD /* download.png */; };
		2316316617F01BEC003028BD /* download@2x.png in Resources */ = {isa = PBXBuildFile; fileRef = 2316316017F01BEC003028BD /* download@2x.png */; };
		2316316717F01BEC003028BD /* downloadfinish.png in Resources */ = {isa = PBXBuildFile; fileRef = 2316316117F01BEC003028BD /* downloadfinish.png */; };
		2316316817F01BEC003028BD /* downloadfinish@2x.png in Resources */ = {isa = PBXBuildFile; fileRef = 2316316217F01BEC003028BD /* downloadfinish@2x.png */; };
		2316316917F01BEC003028BD /* playnow.png in Resources */ = {isa = PBXBuildFile; fileRef = 2316316317F01BEC003028BD /* playnow.png */; };
		2316316A17F01BEC003028BD /* playnow@2x.png in Resources */ = {isa = PBXBuildFile; fileRef = 2316316417F01BEC003028BD /* playnow@2x.png */; };
		231E95D317F3C92A00D8ED36 /* APSetting.m in Sources */ = {isa = PBXBuildFile; fileRef = 231E95D217F3C92A00D8ED36 /* APSetting.m */; };
		231E95DA17F3CFFD00D8ED36 /* Reachability.m in Sources */ = {isa = PBXBuildFile; fileRef = 231E95D917F3CFFD00D8ED36 /* Reachability.m */; };
		231E95DE17F3D5B100D8ED36 /* SystemConfiguration.framework in Frameworks */ = {isa = PBXBuildFile; fileRef = 231E95DD17F3D5B100D8ED36 /* SystemConfiguration.framework */; };
		231E95E117F3E7CC00D8ED36 /* APNetworkManager.m in Sources */ = {isa = PBXBuildFile; fileRef = 231E95E017F3E7CC00D8ED36 /* APNetworkManager.m */; };
		231E95E417F4295800D8ED36 /* EGORefreshTableHeaderView.m in Sources */ = {isa = PBXBuildFile; fileRef = 231E95E317F4295800D8ED36 /* EGORefreshTableHeaderView.m */; };
		231E95E717F42C0B00D8ED36 /* QuartzCore.framework in Frameworks */ = {isa = PBXBuildFile; fileRef = 231E95E617F42C0A00D8ED36 /* QuartzCore.framework */; };
		231E95F117F4328A00D8ED36 /* blackArrow.png in Resources */ = {isa = PBXBuildFile; fileRef = 231E95E917F4328A00D8ED36 /* blackArrow.png */; };
		231E95F217F4328A00D8ED36 /* blackArrow@2x.png in Resources */ = {isa = PBXBuildFile; fileRef = 231E95EA17F4328A00D8ED36 /* blackArrow@2x.png */; };
		231E95F317F4328A00D8ED36 /* blueArrow.png in Resources */ = {isa = PBXBuildFile; fileRef = 231E95EB17F4328A00D8ED36 /* blueArrow.png */; };
		231E95F417F4328A00D8ED36 /* blueArrow@2x.png in Resources */ = {isa = PBXBuildFile; fileRef = 231E95EC17F4328A00D8ED36 /* blueArrow@2x.png */; };
		231E95F517F4328A00D8ED36 /* grayArrow.png in Resources */ = {isa = PBXBuildFile; fileRef = 231E95ED17F4328A00D8ED36 /* grayArrow.png */; };
		231E95F617F4328A00D8ED36 /* grayArrow@2x.png in Resources */ = {isa = PBXBuildFile; fileRef = 231E95EE17F4328A00D8ED36 /* grayArrow@2x.png */; };
		231E95F717F4328A00D8ED36 /* whiteArrow.png in Resources */ = {isa = PBXBuildFile; fileRef = 231E95EF17F4328A00D8ED36 /* whiteArrow.png */; };
		231E95F817F4328A00D8ED36 /* whiteArrow@2x.png in Resources */ = {isa = PBXBuildFile; fileRef = 231E95F017F4328A00D8ED36 /* whiteArrow@2x.png */; };
		231E95FD17F434B700D8ED36 /* libMobClickLibrary_armv6.a in Frameworks */ = {isa = PBXBuildFile; fileRef = 231E95FA17F434B700D8ED36 /* libMobClickLibrary_armv6.a */; };
		231E95FE17F434B700D8ED36 /* libMobClickLibrary.a in Frameworks */ = {isa = PBXBuildFile; fileRef = 231E95FB17F434B700D8ED36 /* libMobClickLibrary.a */; };
		231E960217F435E400D8ED36 /* libUMFeedback.a in Frameworks */ = {isa = PBXBuildFile; fileRef = 231E95FF17F435E400D8ED36 /* libUMFeedback.a */; };
		231E960317F435E400D8ED36 /* umFeedback.bundle in Resources */ = {isa = PBXBuildFile; fileRef = 231E960017F435E400D8ED36 /* umFeedback.bundle */; };
		232F315317E6FD0800A01C45 /* STLiti.ttf in Resources */ = {isa = PBXBuildFile; fileRef = 232F315217E6FCFE00A01C45 /* STLiti.ttf */; };
		232F315617E6FE9A00A01C45 /* APNavigationBar.m in Sources */ = {isa = PBXBuildFile; fileRef = 232F315517E6FE9A00A01C45 /* APNavigationBar.m */; };
		232F316717E72DDC00A01C45 /* APTabBarController.m in Sources */ = {isa = PBXBuildFile; fileRef = 232F316617E72DDC00A01C45 /* APTabBarController.m */; };
		239E9E311801DBFD001FC0C3 /* util.m in Sources */ = {isa = PBXBuildFile; fileRef = 239E9E301801DBFD001FC0C3 /* util.m */; };
		239E9E351801DFD2001FC0C3 /* back.png in Resources */ = {isa = PBXBuildFile; fileRef = 239E9E331801DFD2001FC0C3 /* back.png */; };
		239E9E361801DFD2001FC0C3 /* back@2x.png in Resources */ = {isa = PBXBuildFile; fileRef = 239E9E341801DFD2001FC0C3 /* back@2x.png */; };
		239E9E4B1801DFE1001FC0C3 /* download_finish1.png in Resources */ = {isa = PBXBuildFile; fileRef = 239E9E371801DFE1001FC0C3 /* download_finish1.png */; };
		239E9E4C1801DFE1001FC0C3 /* download_finish1@2x.png in Resources */ = {isa = PBXBuildFile; fileRef = 239E9E381801DFE1001FC0C3 /* download_finish1@2x.png */; };
		239E9E4D1801DFE1001FC0C3 /* download1.png in Resources */ = {isa = PBXBuildFile; fileRef = 239E9E391801DFE1001FC0C3 /* download1.png */; };
		239E9E4E1801DFE1001FC0C3 /* download1@2x.png in Resources */ = {isa = PBXBuildFile; fileRef = 239E9E3A1801DFE1001FC0C3 /* download1@2x.png */; };
		239E9E4F1801DFE1001FC0C3 /* forward.png in Resources */ = {isa = PBXBuildFile; fileRef = 239E9E3B1801DFE1001FC0C3 /* forward.png */; };
		239E9E501801DFE1001FC0C3 /* forward@2x.png in Resources */ = {isa = PBXBuildFile; fileRef = 239E9E3C1801DFE1001FC0C3 /* forward@2x.png */; };
		239E9E511801DFE1001FC0C3 /* fuceng.png in Resources */ = {isa = PBXBuildFile; fileRef = 239E9E3D1801DFE1001FC0C3 /* fuceng.png */; };
		239E9E521801DFE1001FC0C3 /* fuceng@2x.png in Resources */ = {isa = PBXBuildFile; fileRef = 239E9E3E1801DFE1001FC0C3 /* fuceng@2x.png */; };
		239E9E531801DFE1001FC0C3 /* play.png in Resources */ = {isa = PBXBuildFile; fileRef = 239E9E3F1801DFE1001FC0C3 /* play.png */; };
		239E9E541801DFE1001FC0C3 /* play@2x.png in Resources */ = {isa = PBXBuildFile; fileRef = 239E9E401801DFE1001FC0C3 /* play@2x.png */; };
		239E9E551801DFE1001FC0C3 /* slide.png in Resources */ = {isa = PBXBuildFile; fileRef = 239E9E411801DFE1001FC0C3 /* slide.png */; };
		239E9E561801DFE1001FC0C3 /* slide@2x.png in Resources */ = {isa = PBXBuildFile; fileRef = 239E9E421801DFE1001FC0C3 /* slide@2x.png */; };
		239E9E571801DFE1001FC0C3 /* volume_1.png in Resources */ = {isa = PBXBuildFile; fileRef = 239E9E431801DFE1001FC0C3 /* volume_1.png */; };
		239E9E581801DFE1001FC0C3 /* volume_1@2x.png in Resources */ = {isa = PBXBuildFile; fileRef = 239E9E441801DFE1001FC0C3 /* volume_1@2x.png */; };
		239E9E591801DFE1001FC0C3 /* volume_2.png in Resources */ = {isa = PBXBuildFile; fileRef = 239E9E451801DFE1001FC0C3 /* volume_2.png */; };
		239E9E5A1801DFE1001FC0C3 /* volume_2@2x.png in Resources */ = {isa = PBXBuildFile; fileRef = 239E9E461801DFE1001FC0C3 /* volume_2@2x.png */; };
		239E9E5B1801DFE1001FC0C3 /* volume_max.png in Resources */ = {isa = PBXBuildFile; fileRef = 239E9E471801DFE1001FC0C3 /* volume_max.png */; };
		239E9E5C1801DFE1001FC0C3 /* volume_max@2x.png in Resources */ = {isa = PBXBuildFile; fileRef = 239E9E481801DFE1001FC0C3 /* volume_max@2x.png */; };
		239E9E5D1801DFE1001FC0C3 /* volume_min.png in Resources */ = {isa = PBXBuildFile; fileRef = 239E9E491801DFE1001FC0C3 /* volume_min.png */; };
		239E9E5E1801DFE1001FC0C3 /* volume_min@2x.png in Resources */ = {isa = PBXBuildFile; fileRef = 239E9E4A1801DFE1001FC0C3 /* volume_min@2x.png */; };
		239E9E6218029A90001FC0C3 /* Default@2x.png in Resources */ = {isa = PBXBuildFile; fileRef = 239E9E6118029A90001FC0C3 /* Default@2x.png */; };
		239E9E6418029B6C001FC0C3 /* Default.png in Resources */ = {isa = PBXBuildFile; fileRef = 239E9E6318029B6C001FC0C3 /* Default.png */; };
		239E9E6618029C42001FC0C3 /* Default-568h@2x.png in Resources */ = {isa = PBXBuildFile; fileRef = 239E9E6518029C42001FC0C3 /* Default-568h@2x.png */; };
		239E9E691802E48A001FC0C3 /* pause.png in Resources */ = {isa = PBXBuildFile; fileRef = 239E9E671802E484001FC0C3 /* pause.png */; };
		239E9E6A1802E48A001FC0C3 /* pause@2x.png in Resources */ = {isa = PBXBuildFile; fileRef = 239E9E681802E486001FC0C3 /* pause@2x.png */; };
		239E9E6C1802EF87001FC0C3 /* AudioToolbox.framework in Frameworks */ = {isa = PBXBuildFile; fileRef = 239E9E6B1802EF86001FC0C3 /* AudioToolbox.framework */; };
		23A26BAB182241E30074A432 /* 57px.png in Resources */ = {isa = PBXBuildFile; fileRef = 23A26BAA182241E30074A432 /* 57px.png */; };
		23A26BAD182241EF0074A432 /* 114px.png in Resources */ = {isa = PBXBuildFile; fileRef = 23A26BAC182241EF0074A432 /* 114px.png */; };
		23A26BBB182242790074A432 /* 29px.png in Resources */ = {isa = PBXBuildFile; fileRef = 23A26BAE182242780074A432 /* 29px.png */; };
		23A26BBC182242790074A432 /* 40px.png in Resources */ = {isa = PBXBuildFile; fileRef = 23A26BAF182242780074A432 /* 40px.png */; };
		23A26BBD182242790074A432 /* 50px.png in Resources */ = {isa = PBXBuildFile; fileRef = 23A26BB0182242780074A432 /* 50px.png */; };
		23A26BBE182242790074A432 /* 58px.png in Resources */ = {isa = PBXBuildFile; fileRef = 23A26BB1182242780074A432 /* 58px.png */; };
		23A26BBF182242790074A432 /* 60px.png in Resources */ = {isa = PBXBuildFile; fileRef = 23A26BB2182242780074A432 /* 60px.png */; };
		23A26BC0182242790074A432 /* 72px.png in Resources */ = {isa = PBXBuildFile; fileRef = 23A26BB3182242780074A432 /* 72px.png */; };
		23A26BC1182242790074A432 /* 76.png in Resources */ = {isa = PBXBuildFile; fileRef = 23A26BB4182242780074A432 /* 76.png */; };
		23A26BC2182242790074A432 /* 80px.png in Resources */ = {isa = PBXBuildFile; fileRef = 23A26BB5182242780074A432 /* 80px.png */; };
		23A26BC3182242790074A432 /* 100px.png in Resources */ = {isa = PBXBuildFile; fileRef = 23A26BB6182242780074A432 /* 100px.png */; };
		23A26BC4182242790074A432 /* 120px.png in Resources */ = {isa = PBXBuildFile; fileRef = 23A26BB7182242790074A432 /* 120px.png */; };
		23A26BC5182242790074A432 /* 144px.png in Resources */ = {isa = PBXBuildFile; fileRef = 23A26BB8182242790074A432 /* 144px.png */; };
		23A26BC6182242790074A432 /* 152px.png in Resources */ = {isa = PBXBuildFile; fileRef = 23A26BB9182242790074A432 /* 152px.png */; };
		23A26BC7182242790074A432 /* 1024px.png in Resources */ = {isa = PBXBuildFile; fileRef = 23A26BBA182242790074A432 /* 1024px.png */; };
		23AB88F017FAE9E6008CF461 /* APMyFileViewController.m in Sources */ = {isa = PBXBuildFile; fileRef = 23AB88EF17FAE9E6008CF461 /* APMyFileViewController.m */; };
		23AC667C17AF90A300ECDD79 /* AVFoundation.framework in Frameworks */ = {isa = PBXBuildFile; fileRef = 23AC667B17AF90A300ECDD79 /* AVFoundation.framework */; };
		23AC667E17AF9A1D00ECDD79 /* CoreMedia.framework in Frameworks */ = {isa = PBXBuildFile; fileRef = 23AC667D17AF9A1D00ECDD79 /* CoreMedia.framework */; };
		23BF9A0017F19122002B66A9 /* downloadFile.plist in Resources */ = {isa = PBXBuildFile; fileRef = 23BF99FF17F19122002B66A9 /* downloadFile.plist */; };
		23BF9A0317F1935E002B66A9 /* APFileManager.m in Sources */ = {isa = PBXBuildFile; fileRef = 23BF9A0217F1935E002B66A9 /* APFileManager.m */; };
		23BF9A1017F26E08002B66A9 /* global_blue.png in Resources */ = {isa = PBXBuildFile; fileRef = 23BF9A0417F26E08002B66A9 /* global_blue.png */; };
		23BF9A1117F26E08002B66A9 /* global_blue@2x.png in Resources */ = {isa = PBXBuildFile; fileRef = 23BF9A0517F26E08002B66A9 /* global_blue@2x.png */; };
		23BF9A1217F26E08002B66A9 /* global_grey.png in Resources */ = {isa = PBXBuildFile; fileRef = 23BF9A0617F26E08002B66A9 /* global_grey.png */; };
		23BF9A1317F26E08002B66A9 /* global_grey@2x.png in Resources */ = {isa = PBXBuildFile; fileRef = 23BF9A0717F26E08002B66A9 /* global_grey@2x.png */; };
		23BF9A1417F26E08002B66A9 /* my_blue.png in Resources */ = {isa = PBXBuildFile; fileRef = 23BF9A0817F26E08002B66A9 /* my_blue.png */; };
		23BF9A1517F26E08002B66A9 /* my_blue@2x.png in Resources */ = {isa = PBXBuildFile; fileRef = 23BF9A0917F26E08002B66A9 /* my_blue@2x.png */; };
		23BF9A1617F26E08002B66A9 /* my_grey.png in Resources */ = {isa = PBXBuildFile; fileRef = 23BF9A0A17F26E08002B66A9 /* my_grey.png */; };
		23BF9A1717F26E08002B66A9 /* my_grey@2x.png in Resources */ = {isa = PBXBuildFile; fileRef = 23BF9A0B17F26E08002B66A9 /* my_grey@2x.png */; };
		23BF9A1817F26E08002B66A9 /* setting_blue.png in Resources */ = {isa = PBXBuildFile; fileRef = 23BF9A0C17F26E08002B66A9 /* setting_blue.png */; };
		23BF9A1917F26E08002B66A9 /* setting_blue@2x.png in Resources */ = {isa = PBXBuildFile; fileRef = 23BF9A0D17F26E08002B66A9 /* setting_blue@2x.png */; };
		23BF9A1A17F26E08002B66A9 /* setting_grey.png in Resources */ = {isa = PBXBuildFile; fileRef = 23BF9A0E17F26E08002B66A9 /* setting_grey.png */; };
		23BF9A1B17F26E08002B66A9 /* setting_grey@2x.png in Resources */ = {isa = PBXBuildFile; fileRef = 23BF9A0F17F26E08002B66A9 /* setting_grey@2x.png */; };
		23BF9A1E17F3012B002B66A9 /* AFDownloadRequestOperation.m in Sources */ = {isa = PBXBuildFile; fileRef = 23BF9A1D17F3012B002B66A9 /* AFDownloadRequestOperation.m */; };
		23C1441917B2365700AD90E2 /* APAudioPlayerViewController.m in Sources */ = {isa = PBXBuildFile; fileRef = 23C1441817B2365700AD90E2 /* APAudioPlayerViewController.m */; };
		23C1441C17B2436E00AD90E2 /* APDownloadViewController.m in Sources */ = {isa = PBXBuildFile; fileRef = 23C1441B17B2436E00AD90E2 /* APDownloadViewController.m */; };
		23E04B7E17A663EC00012192 /* UIKit.framework in Frameworks */ = {isa = PBXBuildFile; fileRef = 23E04B7D17A663EC00012192 /* UIKit.framework */; };
		23E04B8017A663EC00012192 /* Foundation.framework in Frameworks */ = {isa = PBXBuildFile; fileRef = 23E04B7F17A663EC00012192 /* Foundation.framework */; };
		23E04B8217A663EC00012192 /* CoreGraphics.framework in Frameworks */ = {isa = PBXBuildFile; fileRef = 23E04B8117A663EC00012192 /* CoreGraphics.framework */; };
		23E04B8817A663EC00012192 /* InfoPlist.strings in Resources */ = {isa = PBXBuildFile; fileRef = 23E04B8617A663EC00012192 /* InfoPlist.strings */; };
		23E04B8A17A663EC00012192 /* main.m in Sources */ = {isa = PBXBuildFile; fileRef = 23E04B8917A663EC00012192 /* main.m */; };
		23E04B8E17A663EC00012192 /* APAppDelegate.m in Sources */ = {isa = PBXBuildFile; fileRef = 23E04B8D17A663EC00012192 /* APAppDelegate.m */; };
		23E04B9717A663EC00012192 /* MainStoryboard.storyboard in Resources */ = {isa = PBXBuildFile; fileRef = 23E04B9517A663EC00012192 /* MainStoryboard.storyboard */; };
		23E04BAE17A674BC00012192 /* APSettingController.m in Sources */ = {isa = PBXBuildFile; fileRef = 23E04BAD17A674BC00012192 /* APSettingController.m */; };
		23E04BB117A6798C00012192 /* APPlaylistViewController.m in Sources */ = {isa = PBXBuildFile; fileRef = 23E04BB017A6798C00012192 /* APPlaylistViewController.m */; };
		23E04BB517A67AC000012192 /* APAudioFile.m in Sources */ = {isa = PBXBuildFile; fileRef = 23E04BB417A67AC000012192 /* APAudioFile.m */; };
		23E04BDF17A67C4300012192 /* AFHTTPClient.m in Sources */ = {isa = PBXBuildFile; fileRef = 23E04BCD17A67C4300012192 /* AFHTTPClient.m */; };
		23E04BE017A67C4300012192 /* AFHTTPRequestOperation.m in Sources */ = {isa = PBXBuildFile; fileRef = 23E04BCF17A67C4300012192 /* AFHTTPRequestOperation.m */; };
		23E04BE117A67C4300012192 /* AFImageRequestOperation.m in Sources */ = {isa = PBXBuildFile; fileRef = 23E04BD117A67C4300012192 /* AFImageRequestOperation.m */; };
		23E04BE217A67C4300012192 /* AFJSONRequestOperation.m in Sources */ = {isa = PBXBuildFile; fileRef = 23E04BD317A67C4300012192 /* AFJSONRequestOperation.m */; };
		23E04BE317A67C4300012192 /* AFNetworkActivityIndicatorManager.m in Sources */ = {isa = PBXBuildFile; fileRef = 23E04BD517A67C4300012192 /* AFNetworkActivityIndicatorManager.m */; };
		23E04BE417A67C4300012192 /* AFPropertyListRequestOperation.m in Sources */ = {isa = PBXBuildFile; fileRef = 23E04BD817A67C4300012192 /* AFPropertyListRequestOperation.m */; };
		23E04BE517A67C4300012192 /* AFURLConnectionOperation.m in Sources */ = {isa = PBXBuildFile; fileRef = 23E04BDA17A67C4300012192 /* AFURLConnectionOperation.m */; };
		23E04BE617A67C4300012192 /* AFXMLRequestOperation.m in Sources */ = {isa = PBXBuildFile; fileRef = 23E04BDC17A67C4300012192 /* AFXMLRequestOperation.m */; };
		23E04BE717A67C4300012192 /* UIImageView+AFNetworking.m in Sources */ = {isa = PBXBuildFile; fileRef = 23E04BDE17A67C4300012192 /* UIImageView+AFNetworking.m */; };
		23E04BEB17A681A200012192 /* APAudioTableCell.m in Sources */ = {isa = PBXBuildFile; fileRef = 23E04BEA17A681A200012192 /* APAudioTableCell.m */; };
		23E04BF517A794F900012192 /* APDownloadManager.m in Sources */ = {isa = PBXBuildFile; fileRef = 23E04BF417A794F900012192 /* APDownloadManager.m */; };
		23F0633B17B908D700231675 /* appicon_2_retina.png in Resources */ = {isa = PBXBuildFile; fileRef = 23F0633A17B908D700231675 /* appicon_2_retina.png */; };
		23F0633D17B909D000231675 /* appicon_2.png in Resources */ = {isa = PBXBuildFile; fileRef = 23F0633C17B909D000231675 /* appicon_2.png */; };
		23F0634317B9215300231675 /* icon_playscreen.png in Resources */ = {isa = PBXBuildFile; fileRef = 23F0634217B9215300231675 /* icon_playscreen.png */; };
		23F0634517B9284500231675 /* MediaPlayer.framework in Frameworks */ = {isa = PBXBuildFile; fileRef = 23F0634417B9284400231675 /* MediaPlayer.framework */; };
		23F0635317B93D7400231675 /* libTestFlight.a in Frameworks */ = {isa = PBXBuildFile; fileRef = 23F0634E17B93D7400231675 /* libTestFlight.a */; };
		23F0635417B93D7400231675 /* README.md in Resources */ = {isa = PBXBuildFile; fileRef = 23F0634F17B93D7400231675 /* README.md */; };
		23F0635517B93D7400231675 /* release_notes.md in Resources */ = {isa = PBXBuildFile; fileRef = 23F0635017B93D7400231675 /* release_notes.md */; };
		23F0635717B93DAE00231675 /* libz.dylib in Frameworks */ = {isa = PBXBuildFile; fileRef = 23F0635617B93DAE00231675 /* libz.dylib */; };
		7E2C377B802C41C4AD97CC7A /* libPods.a in Frameworks */ = {isa = PBXBuildFile; fileRef = 11CE61322455495F9DACA556 /* libPods.a */; };
/* End PBXBuildFile section */

/* Begin PBXFileReference section */
		11CE61322455495F9DACA556 /* libPods.a */ = {isa = PBXFileReference; explicitFileType = archive.ar; includeInIndex = 0; path = libPods.a; sourceTree = BUILT_PRODUCTS_DIR; };
		2316315F17F01BEC003028BD /* download.png */ = {isa = PBXFileReference; lastKnownFileType = image.png; path = download.png; sourceTree = "<group>"; };
		2316316017F01BEC003028BD /* download@2x.png */ = {isa = PBXFileReference; lastKnownFileType = image.png; path = "download@2x.png"; sourceTree = "<group>"; };
		2316316117F01BEC003028BD /* downloadfinish.png */ = {isa = PBXFileReference; lastKnownFileType = image.png; path = downloadfinish.png; sourceTree = "<group>"; };
		2316316217F01BEC003028BD /* downloadfinish@2x.png */ = {isa = PBXFileReference; lastKnownFileType = image.png; path = "downloadfinish@2x.png"; sourceTree = "<group>"; };
		2316316317F01BEC003028BD /* playnow.png */ = {isa = PBXFileReference; lastKnownFileType = image.png; path = playnow.png; sourceTree = "<group>"; };
		2316316417F01BEC003028BD /* playnow@2x.png */ = {isa = PBXFileReference; lastKnownFileType = image.png; path = "playnow@2x.png"; sourceTree = "<group>"; };
		231E95D117F3C92A00D8ED36 /* APSetting.h */ = {isa = PBXFileReference; fileEncoding = 4; lastKnownFileType = sourcecode.c.h; path = APSetting.h; sourceTree = "<group>"; };
		231E95D217F3C92A00D8ED36 /* APSetting.m */ = {isa = PBXFileReference; fileEncoding = 4; lastKnownFileType = sourcecode.c.objc; path = APSetting.m; sourceTree = "<group>"; };
		231E95D817F3CFFD00D8ED36 /* Reachability.h */ = {isa = PBXFileReference; fileEncoding = 4; lastKnownFileType = sourcecode.c.h; path = Reachability.h; sourceTree = "<group>"; };
		231E95D917F3CFFD00D8ED36 /* Reachability.m */ = {isa = PBXFileReference; fileEncoding = 4; lastKnownFileType = sourcecode.c.objc; path = Reachability.m; sourceTree = "<group>"; };
		231E95DD17F3D5B100D8ED36 /* SystemConfiguration.framework */ = {isa = PBXFileReference; lastKnownFileType = wrapper.framework; name = SystemConfiguration.framework; path = System/Library/Frameworks/SystemConfiguration.framework; sourceTree = SDKROOT; };
		231E95DF17F3E7CB00D8ED36 /* APNetworkManager.h */ = {isa = PBXFileReference; fileEncoding = 4; lastKnownFileType = sourcecode.c.h; path = APNetworkManager.h; sourceTree = "<group>"; };
		231E95E017F3E7CC00D8ED36 /* APNetworkManager.m */ = {isa = PBXFileReference; fileEncoding = 4; lastKnownFileType = sourcecode.c.objc; path = APNetworkManager.m; sourceTree = "<group>"; };
		231E95E217F4295800D8ED36 /* EGORefreshTableHeaderView.h */ = {isa = PBXFileReference; fileEncoding = 4; lastKnownFileType = sourcecode.c.h; name = EGORefreshTableHeaderView.h; path = ../EGORefreshTableHeaderView.h; sourceTree = "<group>"; };
		231E95E317F4295800D8ED36 /* EGORefreshTableHeaderView.m */ = {isa = PBXFileReference; fileEncoding = 4; lastKnownFileType = sourcecode.c.objc; name = EGORefreshTableHeaderView.m; path = ../EGORefreshTableHeaderView.m; sourceTree = "<group>"; };
		231E95E617F42C0A00D8ED36 /* QuartzCore.framework */ = {isa = PBXFileReference; lastKnownFileType = wrapper.framework; name = QuartzCore.framework; path = System/Library/Frameworks/QuartzCore.framework; sourceTree = SDKROOT; };
		231E95E917F4328A00D8ED36 /* blackArrow.png */ = {isa = PBXFileReference; lastKnownFileType = image.png; path = blackArrow.png; sourceTree = "<group>"; };
		231E95EA17F4328A00D8ED36 /* blackArrow@2x.png */ = {isa = PBXFileReference; lastKnownFileType = image.png; path = "blackArrow@2x.png"; sourceTree = "<group>"; };
		231E95EB17F4328A00D8ED36 /* blueArrow.png */ = {isa = PBXFileReference; lastKnownFileType = image.png; path = blueArrow.png; sourceTree = "<group>"; };
		231E95EC17F4328A00D8ED36 /* blueArrow@2x.png */ = {isa = PBXFileReference; lastKnownFileType = image.png; path = "blueArrow@2x.png"; sourceTree = "<group>"; };
		231E95ED17F4328A00D8ED36 /* grayArrow.png */ = {isa = PBXFileReference; lastKnownFileType = image.png; path = grayArrow.png; sourceTree = "<group>"; };
		231E95EE17F4328A00D8ED36 /* grayArrow@2x.png */ = {isa = PBXFileReference; lastKnownFileType = image.png; path = "grayArrow@2x.png"; sourceTree = "<group>"; };
		231E95EF17F4328A00D8ED36 /* whiteArrow.png */ = {isa = PBXFileReference; lastKnownFileType = image.png; path = whiteArrow.png; sourceTree = "<group>"; };
		231E95F017F4328A00D8ED36 /* whiteArrow@2x.png */ = {isa = PBXFileReference; lastKnownFileType = image.png; path = "whiteArrow@2x.png"; sourceTree = "<group>"; };
		231E95FA17F434B700D8ED36 /* libMobClickLibrary_armv6.a */ = {isa = PBXFileReference; lastKnownFileType = archive.ar; path = libMobClickLibrary_armv6.a; sourceTree = "<group>"; };
		231E95FB17F434B700D8ED36 /* libMobClickLibrary.a */ = {isa = PBXFileReference; lastKnownFileType = archive.ar; path = libMobClickLibrary.a; sourceTree = "<group>"; };
		231E95FC17F434B700D8ED36 /* MobClick.h */ = {isa = PBXFileReference; fileEncoding = 4; lastKnownFileType = sourcecode.c.h; path = MobClick.h; sourceTree = "<group>"; };
		231E95FF17F435E400D8ED36 /* libUMFeedback.a */ = {isa = PBXFileReference; lastKnownFileType = archive.ar; path = libUMFeedback.a; sourceTree = "<group>"; };
		231E960017F435E400D8ED36 /* umFeedback.bundle */ = {isa = PBXFileReference; lastKnownFileType = "wrapper.plug-in"; path = umFeedback.bundle; sourceTree = "<group>"; };
		231E960117F435E400D8ED36 /* UMFeedback.h */ = {isa = PBXFileReference; fileEncoding = 4; lastKnownFileType = sourcecode.c.h; path = UMFeedback.h; sourceTree = "<group>"; };
		232F314B17E6F07400A01C45 /* util.h */ = {isa = PBXFileReference; lastKnownFileType = sourcecode.c.h; path = util.h; sourceTree = "<group>"; };
		232F315217E6FCFE00A01C45 /* STLiti.ttf */ = {isa = PBXFileReference; lastKnownFileType = file; path = STLiti.ttf; sourceTree = "<group>"; };
		232F315417E6FE9A00A01C45 /* APNavigationBar.h */ = {isa = PBXFileReference; fileEncoding = 4; lastKnownFileType = sourcecode.c.h; path = APNavigationBar.h; sourceTree = "<group>"; };
		232F315517E6FE9A00A01C45 /* APNavigationBar.m */ = {isa = PBXFileReference; fileEncoding = 4; lastKnownFileType = sourcecode.c.objc; path = APNavigationBar.m; sourceTree = "<group>"; };
		232F316517E72DDC00A01C45 /* APTabBarController.h */ = {isa = PBXFileReference; fileEncoding = 4; lastKnownFileType = sourcecode.c.h; path = APTabBarController.h; sourceTree = "<group>"; };
		232F316617E72DDC00A01C45 /* APTabBarController.m */ = {isa = PBXFileReference; fileEncoding = 4; lastKnownFileType = sourcecode.c.objc; path = APTabBarController.m; sourceTree = "<group>"; };
		239E9E301801DBFD001FC0C3 /* util.m */ = {isa = PBXFileReference; fileEncoding = 4; lastKnownFileType = sourcecode.c.objc; path = util.m; sourceTree = "<group>"; };
		239E9E331801DFD2001FC0C3 /* back.png */ = {isa = PBXFileReference; lastKnownFileType = image.png; name = back.png; path = ../../../../Dropbox/huaxingtan/png/play/back.png; sourceTree = "<group>"; };
		239E9E341801DFD2001FC0C3 /* back@2x.png */ = {isa = PBXFileReference; lastKnownFileType = image.png; name = "back@2x.png"; path = "../../../../Dropbox/huaxingtan/png/play/back@2x.png"; sourceTree = "<group>"; };
		239E9E371801DFE1001FC0C3 /* download_finish1.png */ = {isa = PBXFileReference; lastKnownFileType = image.png; name = download_finish1.png; path = ../../../../Dropbox/huaxingtan/png/play/download_finish1.png; sourceTree = "<group>"; };
		239E9E381801DFE1001FC0C3 /* download_finish1@2x.png */ = {isa = PBXFileReference; lastKnownFileType = image.png; name = "download_finish1@2x.png"; path = "../../../../Dropbox/huaxingtan/png/play/download_finish1@2x.png"; sourceTree = "<group>"; };
		239E9E391801DFE1001FC0C3 /* download1.png */ = {isa = PBXFileReference; lastKnownFileType = image.png; name = download1.png; path = ../../../../Dropbox/huaxingtan/png/play/download1.png; sourceTree = "<group>"; };
		239E9E3A1801DFE1001FC0C3 /* download1@2x.png */ = {isa = PBXFileReference; lastKnownFileType = image.png; name = "download1@2x.png"; path = "../../../../Dropbox/huaxingtan/png/play/download1@2x.png"; sourceTree = "<group>"; };
		239E9E3B1801DFE1001FC0C3 /* forward.png */ = {isa = PBXFileReference; lastKnownFileType = image.png; name = forward.png; path = ../../../../Dropbox/huaxingtan/png/play/forward.png; sourceTree = "<group>"; };
		239E9E3C1801DFE1001FC0C3 /* forward@2x.png */ = {isa = PBXFileReference; lastKnownFileType = image.png; name = "forward@2x.png"; path = "../../../../Dropbox/huaxingtan/png/play/forward@2x.png"; sourceTree = "<group>"; };
		239E9E3D1801DFE1001FC0C3 /* fuceng.png */ = {isa = PBXFileReference; lastKnownFileType = image.png; name = fuceng.png; path = ../../../../Dropbox/huaxingtan/png/play/fuceng.png; sourceTree = "<group>"; };
		239E9E3E1801DFE1001FC0C3 /* fuceng@2x.png */ = {isa = PBXFileReference; lastKnownFileType = image.png; name = "fuceng@2x.png"; path = "../../../../Dropbox/huaxingtan/png/play/fuceng@2x.png"; sourceTree = "<group>"; };
		239E9E3F1801DFE1001FC0C3 /* play.png */ = {isa = PBXFileReference; lastKnownFileType = image.png; name = play.png; path = ../../../../Dropbox/huaxingtan/png/play/play.png; sourceTree = "<group>"; };
		239E9E401801DFE1001FC0C3 /* play@2x.png */ = {isa = PBXFileReference; lastKnownFileType = image.png; name = "play@2x.png"; path = "../../../../Dropbox/huaxingtan/png/play/play@2x.png"; sourceTree = "<group>"; };
		239E9E411801DFE1001FC0C3 /* slide.png */ = {isa = PBXFileReference; lastKnownFileType = image.png; name = slide.png; path = ../../../../Dropbox/huaxingtan/png/play/slide.png; sourceTree = "<group>"; };
		239E9E421801DFE1001FC0C3 /* slide@2x.png */ = {isa = PBXFileReference; lastKnownFileType = image.png; name = "slide@2x.png"; path = "../../../../Dropbox/huaxingtan/png/play/slide@2x.png"; sourceTree = "<group>"; };
		239E9E431801DFE1001FC0C3 /* volume_1.png */ = {isa = PBXFileReference; lastKnownFileType = image.png; name = volume_1.png; path = ../../../../Dropbox/huaxingtan/png/play/volume_1.png; sourceTree = "<group>"; };
		239E9E441801DFE1001FC0C3 /* volume_1@2x.png */ = {isa = PBXFileReference; lastKnownFileType = image.png; name = "volume_1@2x.png"; path = "../../../../Dropbox/huaxingtan/png/play/volume_1@2x.png"; sourceTree = "<group>"; };
		239E9E451801DFE1001FC0C3 /* volume_2.png */ = {isa = PBXFileReference; lastKnownFileType = image.png; name = volume_2.png; path = ../../../../Dropbox/huaxingtan/png/play/volume_2.png; sourceTree = "<group>"; };
		239E9E461801DFE1001FC0C3 /* volume_2@2x.png */ = {isa = PBXFileReference; lastKnownFileType = image.png; name = "volume_2@2x.png"; path = "../../../../Dropbox/huaxingtan/png/play/volume_2@2x.png"; sourceTree = "<group>"; };
		239E9E471801DFE1001FC0C3 /* volume_max.png */ = {isa = PBXFileReference; lastKnownFileType = image.png; name = volume_max.png; path = ../../../../Dropbox/huaxingtan/png/play/volume_max.png; sourceTree = "<group>"; };
		239E9E481801DFE1001FC0C3 /* volume_max@2x.png */ = {isa = PBXFileReference; lastKnownFileType = image.png; name = "volume_max@2x.png"; path = "../../../../Dropbox/huaxingtan/png/play/volume_max@2x.png"; sourceTree = "<group>"; };
		239E9E491801DFE1001FC0C3 /* volume_min.png */ = {isa = PBXFileReference; lastKnownFileType = image.png; name = volume_min.png; path = ../../../../Dropbox/huaxingtan/png/play/volume_min.png; sourceTree = "<group>"; };
		239E9E4A1801DFE1001FC0C3 /* volume_min@2x.png */ = {isa = PBXFileReference; lastKnownFileType = image.png; name = "volume_min@2x.png"; path = "../../../../Dropbox/huaxingtan/png/play/volume_min@2x.png"; sourceTree = "<group>"; };
		239E9E6118029A90001FC0C3 /* Default@2x.png */ = {isa = PBXFileReference; lastKnownFileType = image.png; name = "Default@2x.png"; path = "../../../../Dropbox/huaxingtan/psd/Default@2x.png"; sourceTree = "<group>"; };
		239E9E6318029B6C001FC0C3 /* Default.png */ = {isa = PBXFileReference; lastKnownFileType = image.png; name = Default.png; path = ../../../../Dropbox/huaxingtan/psd/Default.png; sourceTree = "<group>"; };
		239E9E6518029C42001FC0C3 /* Default-568h@2x.png */ = {isa = PBXFileReference; lastKnownFileType = image.png; name = "Default-568h@2x.png"; path = "../../../../Dropbox/huaxingtan/psd/Default-568h@2x.png"; sourceTree = "<group>"; };
		239E9E671802E484001FC0C3 /* pause.png */ = {isa = PBXFileReference; lastKnownFileType = image.png; path = pause.png; sourceTree = "<group>"; };
		239E9E681802E486001FC0C3 /* pause@2x.png */ = {isa = PBXFileReference; lastKnownFileType = image.png; path = "pause@2x.png"; sourceTree = "<group>"; };
		239E9E6B1802EF86001FC0C3 /* AudioToolbox.framework */ = {isa = PBXFileReference; lastKnownFileType = wrapper.framework; name = AudioToolbox.framework; path = System/Library/Frameworks/AudioToolbox.framework; sourceTree = SDKROOT; };
		23A26BAA182241E30074A432 /* 57px.png */ = {isa = PBXFileReference; lastKnownFileType = image.png; name = 57px.png; path = ../57px.png; sourceTree = "<group>"; };
		23A26BAC182241EF0074A432 /* 114px.png */ = {isa = PBXFileReference; lastKnownFileType = image.png; name = 114px.png; path = ../114px.png; sourceTree = "<group>"; };
		23A26BAE182242780074A432 /* 29px.png */ = {isa = PBXFileReference; lastKnownFileType = image.png; path = 29px.png; sourceTree = "<group>"; };
		23A26BAF182242780074A432 /* 40px.png */ = {isa = PBXFileReference; lastKnownFileType = image.png; path = 40px.png; sourceTree = "<group>"; };
		23A26BB0182242780074A432 /* 50px.png */ = {isa = PBXFileReference; lastKnownFileType = image.png; path = 50px.png; sourceTree = "<group>"; };
		23A26BB1182242780074A432 /* 58px.png */ = {isa = PBXFileReference; lastKnownFileType = image.png; path = 58px.png; sourceTree = "<group>"; };
		23A26BB2182242780074A432 /* 60px.png */ = {isa = PBXFileReference; lastKnownFileType = image.png; path = 60px.png; sourceTree = "<group>"; };
		23A26BB3182242780074A432 /* 72px.png */ = {isa = PBXFileReference; lastKnownFileType = image.png; path = 72px.png; sourceTree = "<group>"; };
		23A26BB4182242780074A432 /* 76.png */ = {isa = PBXFileReference; lastKnownFileType = image.png; path = 76.png; sourceTree = "<group>"; };
		23A26BB5182242780074A432 /* 80px.png */ = {isa = PBXFileReference; lastKnownFileType = image.png; path = 80px.png; sourceTree = "<group>"; };
		23A26BB6182242780074A432 /* 100px.png */ = {isa = PBXFileReference; lastKnownFileType = image.png; path = 100px.png; sourceTree = "<group>"; };
		23A26BB7182242790074A432 /* 120px.png */ = {isa = PBXFileReference; lastKnownFileType = image.png; path = 120px.png; sourceTree = "<group>"; };
		23A26BB8182242790074A432 /* 144px.png */ = {isa = PBXFileReference; lastKnownFileType = image.png; path = 144px.png; sourceTree = "<group>"; };
		23A26BB9182242790074A432 /* 152px.png */ = {isa = PBXFileReference; lastKnownFileType = image.png; path = 152px.png; sourceTree = "<group>"; };
		23A26BBA182242790074A432 /* 1024px.png */ = {isa = PBXFileReference; lastKnownFileType = image.png; path = 1024px.png; sourceTree = "<group>"; };
		23AB88EE17FAE9E6008CF461 /* APMyFileViewController.h */ = {isa = PBXFileReference; fileEncoding = 4; lastKnownFileType = sourcecode.c.h; path = APMyFileViewController.h; sourceTree = "<group>"; };
		23AB88EF17FAE9E6008CF461 /* APMyFileViewController.m */ = {isa = PBXFileReference; fileEncoding = 4; lastKnownFileType = sourcecode.c.objc; path = APMyFileViewController.m; sourceTree = "<group>"; };
		23AC667817AF904A00ECDD79 /* APAudioPlayerViewController.h */ = {isa = PBXFileReference; fileEncoding = 4; lastKnownFileType = sourcecode.c.h; path = APAudioPlayerViewController.h; sourceTree = "<group>"; };
		23AC667B17AF90A300ECDD79 /* AVFoundation.framework */ = {isa = PBXFileReference; lastKnownFileType = wrapper.framework; name = AVFoundation.framework; path = System/Library/Frameworks/AVFoundation.framework; sourceTree = SDKROOT; };
		23AC667D17AF9A1D00ECDD79 /* CoreMedia.framework */ = {isa = PBXFileReference; lastKnownFileType = wrapper.framework; name = CoreMedia.framework; path = System/Library/Frameworks/CoreMedia.framework; sourceTree = SDKROOT; };
		23BF99FF17F19122002B66A9 /* downloadFile.plist */ = {isa = PBXFileReference; fileEncoding = 4; lastKnownFileType = text.plist.xml; path = downloadFile.plist; sourceTree = "<group>"; };
		23BF9A0117F1935E002B66A9 /* APFileManager.h */ = {isa = PBXFileReference; fileEncoding = 4; lastKnownFileType = sourcecode.c.h; path = APFileManager.h; sourceTree = "<group>"; };
		23BF9A0217F1935E002B66A9 /* APFileManager.m */ = {isa = PBXFileReference; fileEncoding = 4; lastKnownFileType = sourcecode.c.objc; path = APFileManager.m; sourceTree = "<group>"; };
		23BF9A0417F26E08002B66A9 /* global_blue.png */ = {isa = PBXFileReference; lastKnownFileType = image.png; path = global_blue.png; sourceTree = "<group>"; };
		23BF9A0517F26E08002B66A9 /* global_blue@2x.png */ = {isa = PBXFileReference; lastKnownFileType = image.png; path = "global_blue@2x.png"; sourceTree = "<group>"; };
		23BF9A0617F26E08002B66A9 /* global_grey.png */ = {isa = PBXFileReference; lastKnownFileType = image.png; path = global_grey.png; sourceTree = "<group>"; };
		23BF9A0717F26E08002B66A9 /* global_grey@2x.png */ = {isa = PBXFileReference; lastKnownFileType = image.png; path = "global_grey@2x.png"; sourceTree = "<group>"; };
		23BF9A0817F26E08002B66A9 /* my_blue.png */ = {isa = PBXFileReference; lastKnownFileType = image.png; path = my_blue.png; sourceTree = "<group>"; };
		23BF9A0917F26E08002B66A9 /* my_blue@2x.png */ = {isa = PBXFileReference; lastKnownFileType = image.png; path = "my_blue@2x.png"; sourceTree = "<group>"; };
		23BF9A0A17F26E08002B66A9 /* my_grey.png */ = {isa = PBXFileReference; lastKnownFileType = image.png; path = my_grey.png; sourceTree = "<group>"; };
		23BF9A0B17F26E08002B66A9 /* my_grey@2x.png */ = {isa = PBXFileReference; lastKnownFileType = image.png; path = "my_grey@2x.png"; sourceTree = "<group>"; };
		23BF9A0C17F26E08002B66A9 /* setting_blue.png */ = {isa = PBXFileReference; lastKnownFileType = image.png; path = setting_blue.png; sourceTree = "<group>"; };
		23BF9A0D17F26E08002B66A9 /* setting_blue@2x.png */ = {isa = PBXFileReference; lastKnownFileType = image.png; path = "setting_blue@2x.png"; sourceTree = "<group>"; };
		23BF9A0E17F26E08002B66A9 /* setting_grey.png */ = {isa = PBXFileReference; lastKnownFileType = image.png; path = setting_grey.png; sourceTree = "<group>"; };
		23BF9A0F17F26E08002B66A9 /* setting_grey@2x.png */ = {isa = PBXFileReference; lastKnownFileType = image.png; path = "setting_grey@2x.png"; sourceTree = "<group>"; };
		23BF9A1C17F3012B002B66A9 /* AFDownloadRequestOperation.h */ = {isa = PBXFileReference; fileEncoding = 4; lastKnownFileType = sourcecode.c.h; path = AFDownloadRequestOperation.h; sourceTree = "<group>"; };
		23BF9A1D17F3012B002B66A9 /* AFDownloadRequestOperation.m */ = {isa = PBXFileReference; fileEncoding = 4; lastKnownFileType = sourcecode.c.objc; path = AFDownloadRequestOperation.m; sourceTree = "<group>"; };
		23C1441817B2365700AD90E2 /* APAudioPlayerViewController.m */ = {isa = PBXFileReference; fileEncoding = 4; lastKnownFileType = sourcecode.c.objc; path = APAudioPlayerViewController.m; sourceTree = "<group>"; };
		23C1441A17B2436E00AD90E2 /* APDownloadViewController.h */ = {isa = PBXFileReference; fileEncoding = 4; lastKnownFileType = sourcecode.c.h; path = APDownloadViewController.h; sourceTree = "<group>"; };
		23C1441B17B2436E00AD90E2 /* APDownloadViewController.m */ = {isa = PBXFileReference; fileEncoding = 4; lastKnownFileType = sourcecode.c.objc; path = APDownloadViewController.m; sourceTree = "<group>"; };
		23D09C25180836F100F8B256 /* zh-Hans */ = {isa = PBXFileReference; lastKnownFileType = text.plist.strings; name = "zh-Hans"; path = "zh-Hans.lproj/InfoPlist.strings"; sourceTree = "<group>"; };
		23D09C26180836F100F8B256 /* zh-Hans */ = {isa = PBXFileReference; lastKnownFileType = file.storyboard; name = "zh-Hans"; path = "zh-Hans.lproj/MainStoryboard.storyboard"; sourceTree = "<group>"; };
		23E04B7A17A663EC00012192 /* Huaxingtan.app */ = {isa = PBXFileReference; explicitFileType = wrapper.application; includeInIndex = 0; path = Huaxingtan.app; sourceTree = BUILT_PRODUCTS_DIR; };
		23E04B7D17A663EC00012192 /* UIKit.framework */ = {isa = PBXFileReference; lastKnownFileType = wrapper.framework; name = UIKit.framework; path = System/Library/Frameworks/UIKit.framework; sourceTree = SDKROOT; };
		23E04B7F17A663EC00012192 /* Foundation.framework */ = {isa = PBXFileReference; lastKnownFileType = wrapper.framework; name = Foundation.framework; path = System/Library/Frameworks/Foundation.framework; sourceTree = SDKROOT; };
		23E04B8117A663EC00012192 /* CoreGraphics.framework */ = {isa = PBXFileReference; lastKnownFileType = wrapper.framework; name = CoreGraphics.framework; path = System/Library/Frameworks/CoreGraphics.framework; sourceTree = SDKROOT; };
		23E04B8517A663EC00012192 /* AudioPlayerDemo-Info.plist */ = {isa = PBXFileReference; lastKnownFileType = text.plist.xml; path = "AudioPlayerDemo-Info.plist"; sourceTree = "<group>"; };
		23E04B8717A663EC00012192 /* en */ = {isa = PBXFileReference; lastKnownFileType = text.plist.strings; name = en; path = en.lproj/InfoPlist.strings; sourceTree = "<group>"; };
		23E04B8917A663EC00012192 /* main.m */ = {isa = PBXFileReference; lastKnownFileType = sourcecode.c.objc; path = main.m; sourceTree = "<group>"; };
		23E04B8B17A663EC00012192 /* AudioPlayerDemo-Prefix.pch */ = {isa = PBXFileReference; lastKnownFileType = sourcecode.c.h; path = "AudioPlayerDemo-Prefix.pch"; sourceTree = "<group>"; };
		23E04B8C17A663EC00012192 /* APAppDelegate.h */ = {isa = PBXFileReference; lastKnownFileType = sourcecode.c.h; path = APAppDelegate.h; sourceTree = "<group>"; };
		23E04B8D17A663EC00012192 /* APAppDelegate.m */ = {isa = PBXFileReference; lastKnownFileType = sourcecode.c.objc; path = APAppDelegate.m; sourceTree = "<group>"; };
		23E04B9617A663EC00012192 /* en */ = {isa = PBXFileReference; lastKnownFileType = file.storyboard; name = en; path = en.lproj/MainStoryboard.storyboard; sourceTree = "<group>"; };
		23E04BAC17A674BC00012192 /* APSettingController.h */ = {isa = PBXFileReference; fileEncoding = 4; lastKnownFileType = sourcecode.c.h; path = APSettingController.h; sourceTree = "<group>"; };
		23E04BAD17A674BC00012192 /* APSettingController.m */ = {isa = PBXFileReference; fileEncoding = 4; lastKnownFileType = sourcecode.c.objc; path = APSettingController.m; sourceTree = "<group>"; };
		23E04BAF17A6798C00012192 /* APPlaylistViewController.h */ = {isa = PBXFileReference; fileEncoding = 4; lastKnownFileType = sourcecode.c.h; name = APPlaylistViewController.h; path = ../APPlaylistViewController.h; sourceTree = "<group>"; };
		23E04BB017A6798C00012192 /* APPlaylistViewController.m */ = {isa = PBXFileReference; fileEncoding = 4; lastKnownFileType = sourcecode.c.objc; name = APPlaylistViewController.m; path = ../APPlaylistViewController.m; sourceTree = "<group>"; };
		23E04BB317A67AC000012192 /* APAudioFile.h */ = {isa = PBXFileReference; fileEncoding = 4; lastKnownFileType = sourcecode.c.h; path = APAudioFile.h; sourceTree = "<group>"; };
		23E04BB417A67AC000012192 /* APAudioFile.m */ = {isa = PBXFileReference; fileEncoding = 4; lastKnownFileType = sourcecode.c.objc; path = APAudioFile.m; sourceTree = "<group>"; };
		23E04BCC17A67C4300012192 /* AFHTTPClient.h */ = {isa = PBXFileReference; fileEncoding = 4; lastKnownFileType = sourcecode.c.h; path = AFHTTPClient.h; sourceTree = "<group>"; };
		23E04BCD17A67C4300012192 /* AFHTTPClient.m */ = {isa = PBXFileReference; fileEncoding = 4; lastKnownFileType = sourcecode.c.objc; path = AFHTTPClient.m; sourceTree = "<group>"; };
		23E04BCE17A67C4300012192 /* AFHTTPRequestOperation.h */ = {isa = PBXFileReference; fileEncoding = 4; lastKnownFileType = sourcecode.c.h; path = AFHTTPRequestOperation.h; sourceTree = "<group>"; };
		23E04BCF17A67C4300012192 /* AFHTTPRequestOperation.m */ = {isa = PBXFileReference; fileEncoding = 4; lastKnownFileType = sourcecode.c.objc; path = AFHTTPRequestOperation.m; sourceTree = "<group>"; };
		23E04BD017A67C4300012192 /* AFImageRequestOperation.h */ = {isa = PBXFileReference; fileEncoding = 4; lastKnownFileType = sourcecode.c.h; path = AFImageRequestOperation.h; sourceTree = "<group>"; };
		23E04BD117A67C4300012192 /* AFImageRequestOperation.m */ = {isa = PBXFileReference; fileEncoding = 4; lastKnownFileType = sourcecode.c.objc; path = AFImageRequestOperation.m; sourceTree = "<group>"; };
		23E04BD217A67C4300012192 /* AFJSONRequestOperation.h */ = {isa = PBXFileReference; fileEncoding = 4; lastKnownFileType = sourcecode.c.h; path = AFJSONRequestOperation.h; sourceTree = "<group>"; };
		23E04BD317A67C4300012192 /* AFJSONRequestOperation.m */ = {isa = PBXFileReference; fileEncoding = 4; lastKnownFileType = sourcecode.c.objc; path = AFJSONRequestOperation.m; sourceTree = "<group>"; };
		23E04BD417A67C4300012192 /* AFNetworkActivityIndicatorManager.h */ = {isa = PBXFileReference; fileEncoding = 4; lastKnownFileType = sourcecode.c.h; path = AFNetworkActivityIndicatorManager.h; sourceTree = "<group>"; };
		23E04BD517A67C4300012192 /* AFNetworkActivityIndicatorManager.m */ = {isa = PBXFileReference; fileEncoding = 4; lastKnownFileType = sourcecode.c.objc; path = AFNetworkActivityIndicatorManager.m; sourceTree = "<group>"; };
		23E04BD617A67C4300012192 /* AFNetworking.h */ = {isa = PBXFileReference; fileEncoding = 4; lastKnownFileType = sourcecode.c.h; path = AFNetworking.h; sourceTree = "<group>"; };
		23E04BD717A67C4300012192 /* AFPropertyListRequestOperation.h */ = {isa = PBXFileReference; fileEncoding = 4; lastKnownFileType = sourcecode.c.h; path = AFPropertyListRequestOperation.h; sourceTree = "<group>"; };
		23E04BD817A67C4300012192 /* AFPropertyListRequestOperation.m */ = {isa = PBXFileReference; fileEncoding = 4; lastKnownFileType = sourcecode.c.objc; path = AFPropertyListRequestOperation.m; sourceTree = "<group>"; };
		23E04BD917A67C4300012192 /* AFURLConnectionOperation.h */ = {isa = PBXFileReference; fileEncoding = 4; lastKnownFileType = sourcecode.c.h; path = AFURLConnectionOperation.h; sourceTree = "<group>"; };
		23E04BDA17A67C4300012192 /* AFURLConnectionOperation.m */ = {isa = PBXFileReference; fileEncoding = 4; lastKnownFileType = sourcecode.c.objc; path = AFURLConnectionOperation.m; sourceTree = "<group>"; };
		23E04BDB17A67C4300012192 /* AFXMLRequestOperation.h */ = {isa = PBXFileReference; fileEncoding = 4; lastKnownFileType = sourcecode.c.h; path = AFXMLRequestOperation.h; sourceTree = "<group>"; };
		23E04BDC17A67C4300012192 /* AFXMLRequestOperation.m */ = {isa = PBXFileReference; fileEncoding = 4; lastKnownFileType = sourcecode.c.objc; path = AFXMLRequestOperation.m; sourceTree = "<group>"; };
		23E04BDD17A67C4300012192 /* UIImageView+AFNetworking.h */ = {isa = PBXFileReference; fileEncoding = 4; lastKnownFileType = sourcecode.c.h; path = "UIImageView+AFNetworking.h"; sourceTree = "<group>"; };
		23E04BDE17A67C4300012192 /* UIImageView+AFNetworking.m */ = {isa = PBXFileReference; fileEncoding = 4; lastKnownFileType = sourcecode.c.objc; path = "UIImageView+AFNetworking.m"; sourceTree = "<group>"; };
		23E04BE917A681A200012192 /* APAudioTableCell.h */ = {isa = PBXFileReference; fileEncoding = 4; lastKnownFileType = sourcecode.c.h; path = APAudioTableCell.h; sourceTree = "<group>"; };
		23E04BEA17A681A200012192 /* APAudioTableCell.m */ = {isa = PBXFileReference; fileEncoding = 4; lastKnownFileType = sourcecode.c.objc; path = APAudioTableCell.m; sourceTree = "<group>"; };
		23E04BF317A794F900012192 /* APDownloadManager.h */ = {isa = PBXFileReference; fileEncoding = 4; lastKnownFileType = sourcecode.c.h; path = APDownloadManager.h; sourceTree = "<group>"; };
		23E04BF417A794F900012192 /* APDownloadManager.m */ = {isa = PBXFileReference; fileEncoding = 4; lastKnownFileType = sourcecode.c.objc; path = APDownloadManager.m; sourceTree = "<group>"; };
		23F0633A17B908D700231675 /* appicon_2_retina.png */ = {isa = PBXFileReference; lastKnownFileType = image.png; name = appicon_2_retina.png; path = ../appicon_2_retina.png; sourceTree = "<group>"; };
		23F0633C17B909D000231675 /* appicon_2.png */ = {isa = PBXFileReference; lastKnownFileType = image.png; name = appicon_2.png; path = ../appicon_2.png; sourceTree = "<group>"; };
		23F0634217B9215300231675 /* icon_playscreen.png */ = {isa = PBXFileReference; lastKnownFileType = image.png; path = icon_playscreen.png; sourceTree = "<group>"; };
		23F0634417B9284400231675 /* MediaPlayer.framework */ = {isa = PBXFileReference; lastKnownFileType = wrapper.framework; name = MediaPlayer.framework; path = System/Library/Frameworks/MediaPlayer.framework; sourceTree = SDKROOT; };
		23F0634E17B93D7400231675 /* libTestFlight.a */ = {isa = PBXFileReference; lastKnownFileType = archive.ar; path = libTestFlight.a; sourceTree = "<group>"; };
		23F0634F17B93D7400231675 /* README.md */ = {isa = PBXFileReference; fileEncoding = 4; lastKnownFileType = text; path = README.md; sourceTree = "<group>"; };
		23F0635017B93D7400231675 /* release_notes.md */ = {isa = PBXFileReference; fileEncoding = 4; lastKnownFileType = text; path = release_notes.md; sourceTree = "<group>"; };
		23F0635117B93D7400231675 /* TestFlight.h */ = {isa = PBXFileReference; fileEncoding = 4; lastKnownFileType = sourcecode.c.h; path = TestFlight.h; sourceTree = "<group>"; };
		23F0635617B93DAE00231675 /* libz.dylib */ = {isa = PBXFileReference; lastKnownFileType = "compiled.mach-o.dylib"; name = libz.dylib; path = usr/lib/libz.dylib; sourceTree = SDKROOT; };
		C4BA35C1066440688119C51E /* Pods.xcconfig */ = {isa = PBXFileReference; includeInIndex = 1; lastKnownFileType = text.xcconfig; name = Pods.xcconfig; path = Pods/Pods.xcconfig; sourceTree = "<group>"; };
/* End PBXFileReference section */

/* Begin PBXFrameworksBuildPhase section */
		23E04B7717A663EB00012192 /* Frameworks */ = {
			isa = PBXFrameworksBuildPhase;
			buildActionMask = 2147483647;
			files = (
				239E9E6C1802EF87001FC0C3 /* AudioToolbox.framework in Frameworks */,
				23F0635717B93DAE00231675 /* libz.dylib in Frameworks */,
				231E95E717F42C0B00D8ED36 /* QuartzCore.framework in Frameworks */,
				231E95DE17F3D5B100D8ED36 /* SystemConfiguration.framework in Frameworks */,
				23F0634517B9284500231675 /* MediaPlayer.framework in Frameworks */,
				23AC667E17AF9A1D00ECDD79 /* CoreMedia.framework in Frameworks */,
				23AC667C17AF90A300ECDD79 /* AVFoundation.framework in Frameworks */,
				23E04B7E17A663EC00012192 /* UIKit.framework in Frameworks */,
				23E04B8017A663EC00012192 /* Foundation.framework in Frameworks */,
				23E04B8217A663EC00012192 /* CoreGraphics.framework in Frameworks */,
				23F0635317B93D7400231675 /* libTestFlight.a in Frameworks */,
				7E2C377B802C41C4AD97CC7A /* libPods.a in Frameworks */,
				231E95FD17F434B700D8ED36 /* libMobClickLibrary_armv6.a in Frameworks */,
				231E95FE17F434B700D8ED36 /* libMobClickLibrary.a in Frameworks */,
				231E960217F435E400D8ED36 /* libUMFeedback.a in Frameworks */,
			);
			runOnlyForDeploymentPostprocessing = 0;
		};
/* End PBXFrameworksBuildPhase section */

/* Begin PBXGroup section */
		2316315E17F01BCA003028BD /* mainscreen */ = {
			isa = PBXGroup;
			children = (
				2316315F17F01BEC003028BD /* download.png */,
				2316316017F01BEC003028BD /* download@2x.png */,
				2316316117F01BEC003028BD /* downloadfinish.png */,
				2316316217F01BEC003028BD /* downloadfinish@2x.png */,
				2316316317F01BEC003028BD /* playnow.png */,
				2316316417F01BEC003028BD /* playnow@2x.png */,
			);
			name = mainscreen;
			sourceTree = "<group>";
		};
		2316316B17F01C51003028BD /* icon */ = {
			isa = PBXGroup;
			children = (
				23A26BAE182242780074A432 /* 29px.png */,
				23A26BAF182242780074A432 /* 40px.png */,
				23A26BB0182242780074A432 /* 50px.png */,
				23A26BB1182242780074A432 /* 58px.png */,
				23A26BB2182242780074A432 /* 60px.png */,
				23A26BB3182242780074A432 /* 72px.png */,
				23A26BB4182242780074A432 /* 76.png */,
				23A26BB5182242780074A432 /* 80px.png */,
				23A26BB6182242780074A432 /* 100px.png */,
				23A26BB7182242790074A432 /* 120px.png */,
				23A26BB8182242790074A432 /* 144px.png */,
				23A26BB9182242790074A432 /* 152px.png */,
				23A26BBA182242790074A432 /* 1024px.png */,
				23A26BAC182241EF0074A432 /* 114px.png */,
				23A26BAA182241E30074A432 /* 57px.png */,
				239E9E6518029C42001FC0C3 /* Default-568h@2x.png */,
				239E9E6318029B6C001FC0C3 /* Default.png */,
				239E9E6118029A90001FC0C3 /* Default@2x.png */,
				23F0633C17B909D000231675 /* appicon_2.png */,
				23F0633A17B908D700231675 /* appicon_2_retina.png */,
			);
			name = icon;
			sourceTree = "<group>";
		};
		2316316C17F01CE7003028BD /* tabbar */ = {
			isa = PBXGroup;
			children = (
				23BF9A0417F26E08002B66A9 /* global_blue.png */,
				23BF9A0517F26E08002B66A9 /* global_blue@2x.png */,
				23BF9A0617F26E08002B66A9 /* global_grey.png */,
				23BF9A0717F26E08002B66A9 /* global_grey@2x.png */,
				23BF9A0817F26E08002B66A9 /* my_blue.png */,
				23BF9A0917F26E08002B66A9 /* my_blue@2x.png */,
				23BF9A0A17F26E08002B66A9 /* my_grey.png */,
				23BF9A0B17F26E08002B66A9 /* my_grey@2x.png */,
				23BF9A0C17F26E08002B66A9 /* setting_blue.png */,
				23BF9A0D17F26E08002B66A9 /* setting_blue@2x.png */,
				23BF9A0E17F26E08002B66A9 /* setting_grey.png */,
				23BF9A0F17F26E08002B66A9 /* setting_grey@2x.png */,
			);
			name = tabbar;
			sourceTree = "<group>";
		};
		231E95D717F3CFE100D8ED36 /* Reachability */ = {
			isa = PBXGroup;
			children = (
				231E95D817F3CFFD00D8ED36 /* Reachability.h */,
				231E95D917F3CFFD00D8ED36 /* Reachability.m */,
			);
			name = Reachability;
			sourceTree = "<group>";
		};
		231E95E817F4326900D8ED36 /* egotableview */ = {
			isa = PBXGroup;
			children = (
				231E95E917F4328A00D8ED36 /* blackArrow.png */,
				231E95EA17F4328A00D8ED36 /* blackArrow@2x.png */,
				231E95EB17F4328A00D8ED36 /* blueArrow.png */,
				231E95EC17F4328A00D8ED36 /* blueArrow@2x.png */,
				231E95ED17F4328A00D8ED36 /* grayArrow.png */,
				231E95EE17F4328A00D8ED36 /* grayArrow@2x.png */,
				231E95EF17F4328A00D8ED36 /* whiteArrow.png */,
				231E95F017F4328A00D8ED36 /* whiteArrow@2x.png */,
			);
			name = egotableview;
			sourceTree = "<group>";
		};
		231E95F917F434AA00D8ED36 /* umeng */ = {
			isa = PBXGroup;
			children = (
				231E95FF17F435E400D8ED36 /* libUMFeedback.a */,
				231E960017F435E400D8ED36 /* umFeedback.bundle */,
				231E960117F435E400D8ED36 /* UMFeedback.h */,
				231E95FA17F434B700D8ED36 /* libMobClickLibrary_armv6.a */,
				231E95FB17F434B700D8ED36 /* libMobClickLibrary.a */,
				231E95FC17F434B700D8ED36 /* MobClick.h */,
			);
			name = umeng;
			sourceTree = "<group>";
		};
		232F314E17E6FB1F00A01C45 /* Fonts */ = {
			isa = PBXGroup;
			children = (
				232F315217E6FCFE00A01C45 /* STLiti.ttf */,
			);
			name = Fonts;
			sourceTree = "<group>";
		};
		232F314F17E6FB2900A01C45 /* Resources */ = {
			isa = PBXGroup;
			children = (
				239E9E321801DEDD001FC0C3 /* play */,
				231E95E817F4326900D8ED36 /* egotableview */,
				23BF99FE17F190DE002B66A9 /* storage */,
				2316316C17F01CE7003028BD /* tabbar */,
				2316316B17F01C51003028BD /* icon */,
				2316315E17F01BCA003028BD /* mainscreen */,
				23F0631317B9085F00231675 /* other */,
				23E04B8517A663EC00012192 /* AudioPlayerDemo-Info.plist */,
				23E04B8617A663EC00012192 /* InfoPlist.strings */,
				23E04B8B17A663EC00012192 /* AudioPlayerDemo-Prefix.pch */,
				232F314E17E6FB1F00A01C45 /* Fonts */,
			);
			name = Resources;
			sourceTree = "<group>";
		};
		239E9E321801DEDD001FC0C3 /* play */ = {
			isa = PBXGroup;
			children = (
				239E9E671802E484001FC0C3 /* pause.png */,
				239E9E681802E486001FC0C3 /* pause@2x.png */,
				239E9E371801DFE1001FC0C3 /* download_finish1.png */,
				239E9E381801DFE1001FC0C3 /* download_finish1@2x.png */,
				239E9E391801DFE1001FC0C3 /* download1.png */,
				239E9E3A1801DFE1001FC0C3 /* download1@2x.png */,
				239E9E3B1801DFE1001FC0C3 /* forward.png */,
				239E9E3C1801DFE1001FC0C3 /* forward@2x.png */,
				239E9E3D1801DFE1001FC0C3 /* fuceng.png */,
				239E9E3E1801DFE1001FC0C3 /* fuceng@2x.png */,
				239E9E3F1801DFE1001FC0C3 /* play.png */,
				239E9E401801DFE1001FC0C3 /* play@2x.png */,
				239E9E411801DFE1001FC0C3 /* slide.png */,
				239E9E421801DFE1001FC0C3 /* slide@2x.png */,
				239E9E431801DFE1001FC0C3 /* volume_1.png */,
				239E9E441801DFE1001FC0C3 /* volume_1@2x.png */,
				239E9E451801DFE1001FC0C3 /* volume_2.png */,
				239E9E461801DFE1001FC0C3 /* volume_2@2x.png */,
				239E9E471801DFE1001FC0C3 /* volume_max.png */,
				239E9E481801DFE1001FC0C3 /* volume_max@2x.png */,
				239E9E491801DFE1001FC0C3 /* volume_min.png */,
				239E9E4A1801DFE1001FC0C3 /* volume_min@2x.png */,
				239E9E331801DFD2001FC0C3 /* back.png */,
				239E9E341801DFD2001FC0C3 /* back@2x.png */,
			);
			name = play;
			sourceTree = "<group>";
		};
		23BF99FE17F190DE002B66A9 /* storage */ = {
			isa = PBXGroup;
			children = (
				23BF99FF17F19122002B66A9 /* downloadFile.plist */,
			);
			name = storage;
			sourceTree = "<group>";
		};
		23E04B7117A663EB00012192 = {
			isa = PBXGroup;
			children = (
				23E04B8317A663EC00012192 /* AudioPlayerDemo */,
				23E04B7C17A663EC00012192 /* Frameworks */,
				23E04B7B17A663EC00012192 /* Products */,
				C4BA35C1066440688119C51E /* Pods.xcconfig */,
			);
			sourceTree = "<group>";
		};
		23E04B7B17A663EC00012192 /* Products */ = {
			isa = PBXGroup;
			children = (
				23E04B7A17A663EC00012192 /* Huaxingtan.app */,
			);
			name = Products;
			sourceTree = "<group>";
		};
		23E04B7C17A663EC00012192 /* Frameworks */ = {
			isa = PBXGroup;
			children = (
				231E95F917F434AA00D8ED36 /* umeng */,
				231E95E617F42C0A00D8ED36 /* QuartzCore.framework */,
				231E95DD17F3D5B100D8ED36 /* SystemConfiguration.framework */,
				231E95D717F3CFE100D8ED36 /* Reachability */,
				23F0634C17B93D7400231675 /* TestFlightSDK1.2.6 */,
				23E04BB817A67BF600012192 /* AFNetworking */,
				23F0635617B93DAE00231675 /* libz.dylib */,
				23F0634417B9284400231675 /* MediaPlayer.framework */,
				23AC667D17AF9A1D00ECDD79 /* CoreMedia.framework */,
				23AC667B17AF90A300ECDD79 /* AVFoundation.framework */,
				23E04B7D17A663EC00012192 /* UIKit.framework */,
				23E04B7F17A663EC00012192 /* Foundation.framework */,
				23E04B8117A663EC00012192 /* CoreGraphics.framework */,
				11CE61322455495F9DACA556 /* libPods.a */,
				239E9E6B1802EF86001FC0C3 /* AudioToolbox.framework */,
			);
			name = Frameworks;
			sourceTree = "<group>";
		};
		23E04B8317A663EC00012192 /* AudioPlayerDemo */ = {
			isa = PBXGroup;
			children = (
				232F314F17E6FB2900A01C45 /* Resources */,
				23E04BEC17A780B400012192 /* manager */,
				23E04BE817A6816000012192 /* view */,
				23E04BB217A67A2D00012192 /* model */,
				23E04BAB17A6748D00012192 /* controller */,
				23E04B8C17A663EC00012192 /* APAppDelegate.h */,
				23E04B8D17A663EC00012192 /* APAppDelegate.m */,
				232F314B17E6F07400A01C45 /* util.h */,
				23E04B8917A663EC00012192 /* main.m */,
				239E9E301801DBFD001FC0C3 /* util.m */,
				23E04B9517A663EC00012192 /* MainStoryboard.storyboard */,
				23E04B8417A663EC00012192 /* Supporting Files */,
			);
			path = AudioPlayerDemo;
			sourceTree = "<group>";
		};
		23E04B8417A663EC00012192 /* Supporting Files */ = {
			isa = PBXGroup;
			children = (
			);
			name = "Supporting Files";
			sourceTree = "<group>";
		};
		23E04BAB17A6748D00012192 /* controller */ = {
			isa = PBXGroup;
			children = (
				23E04BAF17A6798C00012192 /* APPlaylistViewController.h */,
				23E04BB017A6798C00012192 /* APPlaylistViewController.m */,
				23AB88EE17FAE9E6008CF461 /* APMyFileViewController.h */,
				23AB88EF17FAE9E6008CF461 /* APMyFileViewController.m */,
				23E04BAC17A674BC00012192 /* APSettingController.h */,
				23E04BAD17A674BC00012192 /* APSettingController.m */,
				23AC667817AF904A00ECDD79 /* APAudioPlayerViewController.h */,
				23C1441817B2365700AD90E2 /* APAudioPlayerViewController.m */,
				23C1441A17B2436E00AD90E2 /* APDownloadViewController.h */,
				23C1441B17B2436E00AD90E2 /* APDownloadViewController.m */,
				232F316517E72DDC00A01C45 /* APTabBarController.h */,
				232F316617E72DDC00A01C45 /* APTabBarController.m */,
			);
			name = controller;
			sourceTree = "<group>";
		};
		23E04BB217A67A2D00012192 /* model */ = {
			isa = PBXGroup;
			children = (
				23E04BB317A67AC000012192 /* APAudioFile.h */,
				23E04BB417A67AC000012192 /* APAudioFile.m */,
				231E95D117F3C92A00D8ED36 /* APSetting.h */,
				231E95D217F3C92A00D8ED36 /* APSetting.m */,
			);
			name = model;
			sourceTree = "<group>";
		};
		23E04BB817A67BF600012192 /* AFNetworking */ = {
			isa = PBXGroup;
			children = (
				23E04BCC17A67C4300012192 /* AFHTTPClient.h */,
				23E04BCD17A67C4300012192 /* AFHTTPClient.m */,
				23E04BCE17A67C4300012192 /* AFHTTPRequestOperation.h */,
				23E04BCF17A67C4300012192 /* AFHTTPRequestOperation.m */,
				23E04BD017A67C4300012192 /* AFImageRequestOperation.h */,
				23E04BD117A67C4300012192 /* AFImageRequestOperation.m */,
				23E04BD217A67C4300012192 /* AFJSONRequestOperation.h */,
				23E04BD317A67C4300012192 /* AFJSONRequestOperation.m */,
				23E04BD417A67C4300012192 /* AFNetworkActivityIndicatorManager.h */,
				23E04BD517A67C4300012192 /* AFNetworkActivityIndicatorManager.m */,
				23E04BD617A67C4300012192 /* AFNetworking.h */,
				23E04BD717A67C4300012192 /* AFPropertyListRequestOperation.h */,
				23E04BD817A67C4300012192 /* AFPropertyListRequestOperation.m */,
				23E04BD917A67C4300012192 /* AFURLConnectionOperation.h */,
				23E04BDA17A67C4300012192 /* AFURLConnectionOperation.m */,
				23E04BDB17A67C4300012192 /* AFXMLRequestOperation.h */,
				23E04BDC17A67C4300012192 /* AFXMLRequestOperation.m */,
				23E04BDD17A67C4300012192 /* UIImageView+AFNetworking.h */,
				23E04BDE17A67C4300012192 /* UIImageView+AFNetworking.m */,
				23BF9A1C17F3012B002B66A9 /* AFDownloadRequestOperation.h */,
				23BF9A1D17F3012B002B66A9 /* AFDownloadRequestOperation.m */,
			);
			name = AFNetworking;
			path = AudioPlayerDemo;
			sourceTree = "<group>";
		};
		23E04BE817A6816000012192 /* view */ = {
			isa = PBXGroup;
			children = (
				231E95E217F4295800D8ED36 /* EGORefreshTableHeaderView.h */,
				231E95E317F4295800D8ED36 /* EGORefreshTableHeaderView.m */,
				23E04BE917A681A200012192 /* APAudioTableCell.h */,
				23E04BEA17A681A200012192 /* APAudioTableCell.m */,
				232F315417E6FE9A00A01C45 /* APNavigationBar.h */,
				232F315517E6FE9A00A01C45 /* APNavigationBar.m */,
			);
			name = view;
			sourceTree = "<group>";
		};
		23E04BEC17A780B400012192 /* manager */ = {
			isa = PBXGroup;
			children = (
				23E04BF317A794F900012192 /* APDownloadManager.h */,
				23E04BF417A794F900012192 /* APDownloadManager.m */,
				23BF9A0117F1935E002B66A9 /* APFileManager.h */,
				23BF9A0217F1935E002B66A9 /* APFileManager.m */,
				231E95DF17F3E7CB00D8ED36 /* APNetworkManager.h */,
				231E95E017F3E7CC00D8ED36 /* APNetworkManager.m */,
			);
			name = manager;
			sourceTree = "<group>";
		};
		23F0631317B9085F00231675 /* other */ = {
			isa = PBXGroup;
			children = (
				23F0634217B9215300231675 /* icon_playscreen.png */,
			);
			name = other;
			path = ../../../../Dropbox/huaxingtan/icon;
			sourceTree = "<group>";
		};
		23F0634C17B93D7400231675 /* TestFlightSDK1.2.6 */ = {
			isa = PBXGroup;
			children = (
				23F0634E17B93D7400231675 /* libTestFlight.a */,
				23F0634F17B93D7400231675 /* README.md */,
				23F0635017B93D7400231675 /* release_notes.md */,
				23F0635117B93D7400231675 /* TestFlight.h */,
			);
			name = TestFlightSDK1.2.6;
			path = AudioPlayerDemo/TestFlightSDK1.2.6;
			sourceTree = "<group>";
		};
/* End PBXGroup section */

/* Begin PBXNativeTarget section */
		23E04B7917A663EB00012192 /* AudioPlayerDemo */ = {
			isa = PBXNativeTarget;
			buildConfigurationList = 23E04BA817A663EC00012192 /* Build configuration list for PBXNativeTarget "AudioPlayerDemo" */;
			buildPhases = (
				C5EFF699A8304A53AE545171 /* Check Pods Manifest.lock */,
				23E04B7617A663EB00012192 /* Sources */,
				23E04B7717A663EB00012192 /* Frameworks */,
				23E04B7817A663EB00012192 /* Resources */,
				627573B89AC74E8BA83E9BDD /* Copy Pods Resources */,
			);
			buildRules = (
			);
			dependencies = (
			);
			name = AudioPlayerDemo;
			productName = AudioPlayerDemo;
			productReference = 23E04B7A17A663EC00012192 /* Huaxingtan.app */;
			productType = "com.apple.product-type.application";
		};
/* End PBXNativeTarget section */

/* Begin PBXProject section */
		23E04B7217A663EB00012192 /* Project object */ = {
			isa = PBXProject;
			attributes = {
				CLASSPREFIX = AP;
				LastUpgradeCheck = 0460;
				ORGANIZATIONNAME = me.scv119;
			};
			buildConfigurationList = 23E04B7517A663EB00012192 /* Build configuration list for PBXProject "AudioPlayerDemo" */;
			compatibilityVersion = "Xcode 3.2";
			developmentRegion = English;
			hasScannedForEncodings = 0;
			knownRegions = (
				en,
				"zh-Hans",
			);
			mainGroup = 23E04B7117A663EB00012192;
			productRefGroup = 23E04B7B17A663EC00012192 /* Products */;
			projectDirPath = "";
			projectRoot = "";
			targets = (
				23E04B7917A663EB00012192 /* AudioPlayerDemo */,
			);
		};
/* End PBXProject section */

/* Begin PBXResourcesBuildPhase section */
		23E04B7817A663EB00012192 /* Resources */ = {
			isa = PBXResourcesBuildPhase;
			buildActionMask = 2147483647;
			files = (
				232F315317E6FD0800A01C45 /* STLiti.ttf in Resources */,
				23E04B8817A663EC00012192 /* InfoPlist.strings in Resources */,
				23E04B9717A663EC00012192 /* MainStoryboard.storyboard in Resources */,
				23F0633B17B908D700231675 /* appicon_2_retina.png in Resources */,
				23F0633D17B909D000231675 /* appicon_2.png in Resources */,
				23F0634317B9215300231675 /* icon_playscreen.png in Resources */,
				23F0635417B93D7400231675 /* README.md in Resources */,
				23F0635517B93D7400231675 /* release_notes.md in Resources */,
				2316316517F01BEC003028BD /* download.png in Resources */,
				2316316617F01BEC003028BD /* download@2x.png in Resources */,
				2316316717F01BEC003028BD /* downloadfinish.png in Resources */,
				2316316817F01BEC003028BD /* downloadfinish@2x.png in Resources */,
				2316316917F01BEC003028BD /* playnow.png in Resources */,
				2316316A17F01BEC003028BD /* playnow@2x.png in Resources */,
				23BF9A0017F19122002B66A9 /* downloadFile.plist in Resources */,
				23BF9A1017F26E08002B66A9 /* global_blue.png in Resources */,
				23BF9A1117F26E08002B66A9 /* global_blue@2x.png in Resources */,
				23BF9A1217F26E08002B66A9 /* global_grey.png in Resources */,
				23BF9A1317F26E08002B66A9 /* global_grey@2x.png in Resources */,
				23BF9A1417F26E08002B66A9 /* my_blue.png in Resources */,
				23BF9A1517F26E08002B66A9 /* my_blue@2x.png in Resources */,
				23BF9A1617F26E08002B66A9 /* my_grey.png in Resources */,
				23BF9A1717F26E08002B66A9 /* my_grey@2x.png in Resources */,
				23BF9A1817F26E08002B66A9 /* setting_blue.png in Resources */,
				23BF9A1917F26E08002B66A9 /* setting_blue@2x.png in Resources */,
				23BF9A1A17F26E08002B66A9 /* setting_grey.png in Resources */,
				23BF9A1B17F26E08002B66A9 /* setting_grey@2x.png in Resources */,
				231E95F117F4328A00D8ED36 /* blackArrow.png in Resources */,
				231E95F217F4328A00D8ED36 /* blackArrow@2x.png in Resources */,
				231E95F317F4328A00D8ED36 /* blueArrow.png in Resources */,
				231E95F417F4328A00D8ED36 /* blueArrow@2x.png in Resources */,
				231E95F517F4328A00D8ED36 /* grayArrow.png in Resources */,
				231E95F617F4328A00D8ED36 /* grayArrow@2x.png in Resources */,
				231E95F717F4328A00D8ED36 /* whiteArrow.png in Resources */,
				231E95F817F4328A00D8ED36 /* whiteArrow@2x.png in Resources */,
				231E960317F435E400D8ED36 /* umFeedback.bundle in Resources */,
				239E9E351801DFD2001FC0C3 /* back.png in Resources */,
				239E9E361801DFD2001FC0C3 /* back@2x.png in Resources */,
				239E9E4B1801DFE1001FC0C3 /* download_finish1.png in Resources */,
				239E9E4C1801DFE1001FC0C3 /* download_finish1@2x.png in Resources */,
				239E9E4D1801DFE1001FC0C3 /* download1.png in Resources */,
				239E9E4E1801DFE1001FC0C3 /* download1@2x.png in Resources */,
				239E9E4F1801DFE1001FC0C3 /* forward.png in Resources */,
				239E9E501801DFE1001FC0C3 /* forward@2x.png in Resources */,
				239E9E511801DFE1001FC0C3 /* fuceng.png in Resources */,
				239E9E521801DFE1001FC0C3 /* fuceng@2x.png in Resources */,
				239E9E531801DFE1001FC0C3 /* play.png in Resources */,
				239E9E541801DFE1001FC0C3 /* play@2x.png in Resources */,
				239E9E551801DFE1001FC0C3 /* slide.png in Resources */,
				239E9E561801DFE1001FC0C3 /* slide@2x.png in Resources */,
				239E9E571801DFE1001FC0C3 /* volume_1.png in Resources */,
				239E9E581801DFE1001FC0C3 /* volume_1@2x.png in Resources */,
				239E9E591801DFE1001FC0C3 /* volume_2.png in Resources */,
				239E9E5A1801DFE1001FC0C3 /* volume_2@2x.png in Resources */,
				239E9E5B1801DFE1001FC0C3 /* volume_max.png in Resources */,
				239E9E5C1801DFE1001FC0C3 /* volume_max@2x.png in Resources */,
				239E9E5D1801DFE1001FC0C3 /* volume_min.png in Resources */,
				239E9E5E1801DFE1001FC0C3 /* volume_min@2x.png in Resources */,
				239E9E6218029A90001FC0C3 /* Default@2x.png in Resources */,
				239E9E6418029B6C001FC0C3 /* Default.png in Resources */,
				239E9E6618029C42001FC0C3 /* Default-568h@2x.png in Resources */,
				239E9E691802E48A001FC0C3 /* pause.png in Resources */,
				239E9E6A1802E48A001FC0C3 /* pause@2x.png in Resources */,
				23A26BAB182241E30074A432 /* 57px.png in Resources */,
				23A26BAD182241EF0074A432 /* 114px.png in Resources */,
				23A26BBB182242790074A432 /* 29px.png in Resources */,
				23A26BBC182242790074A432 /* 40px.png in Resources */,
				23A26BBD182242790074A432 /* 50px.png in Resources */,
				23A26BBE182242790074A432 /* 58px.png in Resources */,
				23A26BBF182242790074A432 /* 60px.png in Resources */,
				23A26BC0182242790074A432 /* 72px.png in Resources */,
				23A26BC1182242790074A432 /* 76.png in Resources */,
				23A26BC2182242790074A432 /* 80px.png in Resources */,
				23A26BC3182242790074A432 /* 100px.png in Resources */,
				23A26BC4182242790074A432 /* 120px.png in Resources */,
				23A26BC5182242790074A432 /* 144px.png in Resources */,
				23A26BC6182242790074A432 /* 152px.png in Resources */,
				23A26BC7182242790074A432 /* 1024px.png in Resources */,
			);
			runOnlyForDeploymentPostprocessing = 0;
		};
/* End PBXResourcesBuildPhase section */

/* Begin PBXShellScriptBuildPhase section */
		627573B89AC74E8BA83E9BDD /* Copy Pods Resources */ = {
			isa = PBXShellScriptBuildPhase;
			buildActionMask = 2147483647;
			files = (
			);
			inputPaths = (
			);
			name = "Copy Pods Resources";
			outputPaths = (
			);
			runOnlyForDeploymentPostprocessing = 0;
			shellPath = /bin/sh;
			shellScript = "\"${SRCROOT}/Pods/Pods-resources.sh\"\n";
			showEnvVarsInLog = 0;
		};
		C5EFF699A8304A53AE545171 /* Check Pods Manifest.lock */ = {
			isa = PBXShellScriptBuildPhase;
			buildActionMask = 2147483647;
			files = (
			);
			inputPaths = (
			);
			name = "Check Pods Manifest.lock";
			outputPaths = (
			);
			runOnlyForDeploymentPostprocessing = 0;
			shellPath = /bin/sh;
			shellScript = "diff \"${PODS_ROOT}/../Podfile.lock\" \"${PODS_ROOT}/Manifest.lock\" > /dev/null\nif [[ $? != 0 ]] ; then\n    cat << EOM\nerror: The sandbox is not in sync with the Podfile.lock. Run 'pod install' or update your CocoaPods installation.\nEOM\n    exit 1\nfi\n";
			showEnvVarsInLog = 0;
		};
/* End PBXShellScriptBuildPhase section */

/* Begin PBXSourcesBuildPhase section */
		23E04B7617A663EB00012192 /* Sources */ = {
			isa = PBXSourcesBuildPhase;
			buildActionMask = 2147483647;
			files = (
				23E04B8A17A663EC00012192 /* main.m in Sources */,
				23E04B8E17A663EC00012192 /* APAppDelegate.m in Sources */,
				23E04BAE17A674BC00012192 /* APSettingController.m in Sources */,
				23E04BB117A6798C00012192 /* APPlaylistViewController.m in Sources */,
				23E04BB517A67AC000012192 /* APAudioFile.m in Sources */,
				23E04BDF17A67C4300012192 /* AFHTTPClient.m in Sources */,
				23E04BE017A67C4300012192 /* AFHTTPRequestOperation.m in Sources */,
				23E04BE117A67C4300012192 /* AFImageRequestOperation.m in Sources */,
				23E04BE217A67C4300012192 /* AFJSONRequestOperation.m in Sources */,
				23E04BE317A67C4300012192 /* AFNetworkActivityIndicatorManager.m in Sources */,
				23E04BE417A67C4300012192 /* AFPropertyListRequestOperation.m in Sources */,
				23E04BE517A67C4300012192 /* AFURLConnectionOperation.m in Sources */,
				23E04BE617A67C4300012192 /* AFXMLRequestOperation.m in Sources */,
				23E04BE717A67C4300012192 /* UIImageView+AFNetworking.m in Sources */,
				23E04BEB17A681A200012192 /* APAudioTableCell.m in Sources */,
				23E04BF517A794F900012192 /* APDownloadManager.m in Sources */,
				23C1441917B2365700AD90E2 /* APAudioPlayerViewController.m in Sources */,
				23C1441C17B2436E00AD90E2 /* APDownloadViewController.m in Sources */,
				232F315617E6FE9A00A01C45 /* APNavigationBar.m in Sources */,
				232F316717E72DDC00A01C45 /* APTabBarController.m in Sources */,
				23BF9A0317F1935E002B66A9 /* APFileManager.m in Sources */,
				23BF9A1E17F3012B002B66A9 /* AFDownloadRequestOperation.m in Sources */,
				231E95D317F3C92A00D8ED36 /* APSetting.m in Sources */,
				231E95DA17F3CFFD00D8ED36 /* Reachability.m in Sources */,
				231E95E117F3E7CC00D8ED36 /* APNetworkManager.m in Sources */,
				231E95E417F4295800D8ED36 /* EGORefreshTableHeaderView.m in Sources */,
				23AB88F017FAE9E6008CF461 /* APMyFileViewController.m in Sources */,
				239E9E311801DBFD001FC0C3 /* util.m in Sources */,
			);
			runOnlyForDeploymentPostprocessing = 0;
		};
/* End PBXSourcesBuildPhase section */

/* Begin PBXVariantGroup section */
		23E04B8617A663EC00012192 /* InfoPlist.strings */ = {
			isa = PBXVariantGroup;
			children = (
				23E04B8717A663EC00012192 /* en */,
				23D09C25180836F100F8B256 /* zh-Hans */,
			);
			name = InfoPlist.strings;
			sourceTree = "<group>";
		};
		23E04B9517A663EC00012192 /* MainStoryboard.storyboard */ = {
			isa = PBXVariantGroup;
			children = (
				23E04B9617A663EC00012192 /* en */,
				23D09C26180836F100F8B256 /* zh-Hans */,
			);
			name = MainStoryboard.storyboard;
			sourceTree = "<group>";
		};
/* End PBXVariantGroup section */

/* Begin XCBuildConfiguration section */
		23E04BA617A663EC00012192 /* Debug */ = {
			isa = XCBuildConfiguration;
			buildSettings = {
				ALWAYS_SEARCH_USER_PATHS = NO;
				ARCHS = "$(ARCHS_STANDARD_32_BIT)";
				CLANG_CXX_LANGUAGE_STANDARD = "gnu++0x";
				CLANG_CXX_LIBRARY = "libc++";
				CLANG_ENABLE_OBJC_ARC = YES;
				CLANG_WARN_CONSTANT_CONVERSION = YES;
				CLANG_WARN_EMPTY_BODY = YES;
				CLANG_WARN_ENUM_CONVERSION = YES;
				CLANG_WARN_INT_CONVERSION = YES;
				CLANG_WARN__DUPLICATE_METHOD_MATCH = YES;
				"CODE_SIGN_IDENTITY[sdk=iphoneos*]" = "iPhone Developer";
				COPY_PHASE_STRIP = NO;
				GCC_C_LANGUAGE_STANDARD = gnu99;
				GCC_DYNAMIC_NO_PIC = NO;
				GCC_OPTIMIZATION_LEVEL = 0;
				GCC_PREPROCESSOR_DEFINITIONS = (
					"DEBUG=1",
					"$(inherited)",
				);
				GCC_SYMBOLS_PRIVATE_EXTERN = NO;
				GCC_WARN_ABOUT_RETURN_TYPE = YES;
				GCC_WARN_UNINITIALIZED_AUTOS = YES;
				GCC_WARN_UNUSED_VARIABLE = YES;
				IPHONEOS_DEPLOYMENT_TARGET = 5.1;
				ONLY_ACTIVE_ARCH = YES;
				SDKROOT = iphoneos6.1;
				VALID_ARCHS = "arm64 armv7 armv7s armv6";
			};
			name = Debug;
		};
		23E04BA717A663EC00012192 /* Release */ = {
			isa = XCBuildConfiguration;
			buildSettings = {
				ALWAYS_SEARCH_USER_PATHS = NO;
				ARCHS = "$(ARCHS_STANDARD_32_BIT)";
				CLANG_CXX_LANGUAGE_STANDARD = "gnu++0x";
				CLANG_CXX_LIBRARY = "libc++";
				CLANG_ENABLE_OBJC_ARC = YES;
				CLANG_WARN_CONSTANT_CONVERSION = YES;
				CLANG_WARN_EMPTY_BODY = YES;
				CLANG_WARN_ENUM_CONVERSION = YES;
				CLANG_WARN_INT_CONVERSION = YES;
				CLANG_WARN__DUPLICATE_METHOD_MATCH = YES;
				CODE_SIGN_IDENTITY = "iPhone Distribution";
				"CODE_SIGN_IDENTITY[sdk=iphoneos*]" = "iPhone Distribution";
				COPY_PHASE_STRIP = YES;
				GCC_C_LANGUAGE_STANDARD = gnu99;
				GCC_WARN_ABOUT_RETURN_TYPE = YES;
				GCC_WARN_UNINITIALIZED_AUTOS = YES;
				GCC_WARN_UNUSED_VARIABLE = YES;
				IPHONEOS_DEPLOYMENT_TARGET = 5.1;
				OTHER_CFLAGS = "-DNS_BLOCK_ASSERTIONS=1";
				PROVISIONING_PROFILE = "";
				"PROVISIONING_PROFILE[sdk=iphoneos*]" = "";
				SDKROOT = iphoneos6.1;
				VALIDATE_PRODUCT = YES;
				VALID_ARCHS = "arm64 armv7 armv7s armv6";
			};
			name = Release;
		};
		23E04BA917A663EC00012192 /* Debug */ = {
			isa = XCBuildConfiguration;
			baseConfigurationReference = C4BA35C1066440688119C51E /* Pods.xcconfig */;
			buildSettings = {
				FRAMEWORK_SEARCH_PATHS = (
					"$(inherited)",
					"\"$(SRCROOT)/UMSocial_Sdk_3.0/frameworks/TencentOpenAPI\"",
				);
				GCC_PRECOMPILE_PREFIX_HEADER = YES;
				GCC_PREFIX_HEADER = "AudioPlayerDemo/AudioPlayerDemo-Prefix.pch";
				INFOPLIST_FILE = "AudioPlayerDemo/AudioPlayerDemo-Info.plist";
				LIBRARY_SEARCH_PATHS = (
					"$(inherited)",
					"\"$(SRCROOT)/AudioPlayerDemo/TestFlightSDK1.2.6\"",
					"\"$(SRCROOT)\"",
					"\"$(SRCROOT)/UMSocial_Sdk_3.0/frameworks/Wechat\"",
					"\"$(SRCROOT)/UMSocial_Sdk_3.0\"",
				);
				PRODUCT_NAME = Huaxingtan;
				WRAPPER_EXTENSION = app;
			};
			name = Debug;
		};
		23E04BAA17A663EC00012192 /* Release */ = {
			isa = XCBuildConfiguration;
			baseConfigurationReference = C4BA35C1066440688119C51E /* Pods.xcconfig */;
			buildSettings = {
				FRAMEWORK_SEARCH_PATHS = (
					"$(inherited)",
					"\"$(SRCROOT)/UMSocial_Sdk_3.0/frameworks/TencentOpenAPI\"",
				);
				GCC_PRECOMPILE_PREFIX_HEADER = YES;
				GCC_PREFIX_HEADER = "AudioPlayerDemo/AudioPlayerDemo-Prefix.pch";
				INFOPLIST_FILE = "AudioPlayerDemo/AudioPlayerDemo-Info.plist";
				LIBRARY_SEARCH_PATHS = (
					"$(inherited)",
					"\"$(SRCROOT)/AudioPlayerDemo/TestFlightSDK1.2.6\"",
					"\"$(SRCROOT)\"",
					"\"$(SRCROOT)/UMSocial_Sdk_3.0/frameworks/Wechat\"",
					"\"$(SRCROOT)/UMSocial_Sdk_3.0\"",
				);
				PRODUCT_NAME = Huaxingtan;
				WRAPPER_EXTENSION = app;
			};
			name = Release;
		};
/* End XCBuildConfiguration section */

/* Begin XCConfigurationList section */
		23E04B7517A663EB00012192 /* Build configuration list for PBXProject "AudioPlayerDemo" */ = {
			isa = XCConfigurationList;
			buildConfigurations = (
				23E04BA617A663EC00012192 /* Debug */,
				23E04BA717A663EC00012192 /* Release */,
			);
			defaultConfigurationIsVisible = 0;
			defaultConfigurationName = Release;
		};
		23E04BA817A663EC00012192 /* Build configuration list for PBXNativeTarget "AudioPlayerDemo" */ = {
			isa = XCConfigurationList;
			buildConfigurations = (
				23E04BA917A663EC00012192 /* Debug */,
				23E04BAA17A663EC00012192 /* Release */,
			);
			defaultConfigurationIsVisible = 0;
			defaultConfigurationName = Release;
		};
/* End XCConfigurationList section */
	};
	rootObject = 23E04B7217A663EB00012192 /* Project object */;
}
